// !$*UTF8*$!
{
	archiveVersion = 1;
	classes = {
	};
	objectVersion = 46;
	objects = {

/* Begin PBXBuildFile section */
		0706080F1B7E14F200B715E9 /* AFHTTPRequestOperation.m in Sources */ = {isa = PBXBuildFile; fileRef = 070607731B7E14F100B715E9 /* AFHTTPRequestOperation.m */; };
		070608101B7E14F200B715E9 /* AFHTTPRequestOperationManager.m in Sources */ = {isa = PBXBuildFile; fileRef = 070607751B7E14F100B715E9 /* AFHTTPRequestOperationManager.m */; };
		070608111B7E14F200B715E9 /* AFHTTPSessionManager.m in Sources */ = {isa = PBXBuildFile; fileRef = 070607771B7E14F100B715E9 /* AFHTTPSessionManager.m */; };
		070608121B7E14F200B715E9 /* AFNetworkReachabilityManager.m in Sources */ = {isa = PBXBuildFile; fileRef = 0706077A1B7E14F100B715E9 /* AFNetworkReachabilityManager.m */; };
		070608131B7E14F200B715E9 /* AFSecurityPolicy.m in Sources */ = {isa = PBXBuildFile; fileRef = 0706077C1B7E14F100B715E9 /* AFSecurityPolicy.m */; };
		070608141B7E14F200B715E9 /* AFURLConnectionOperation.m in Sources */ = {isa = PBXBuildFile; fileRef = 0706077E1B7E14F100B715E9 /* AFURLConnectionOperation.m */; };
		070608151B7E14F200B715E9 /* AFURLRequestSerialization.m in Sources */ = {isa = PBXBuildFile; fileRef = 070607801B7E14F100B715E9 /* AFURLRequestSerialization.m */; };
		070608161B7E14F200B715E9 /* AFURLResponseSerialization.m in Sources */ = {isa = PBXBuildFile; fileRef = 070607821B7E14F100B715E9 /* AFURLResponseSerialization.m */; };
		070608171B7E14F200B715E9 /* AFURLSessionManager.m in Sources */ = {isa = PBXBuildFile; fileRef = 070607841B7E14F100B715E9 /* AFURLSessionManager.m */; };
		0706081A1B7E14F200B715E9 /* AFNetworkActivityIndicatorManager.m in Sources */ = {isa = PBXBuildFile; fileRef = 070607891B7E14F100B715E9 /* AFNetworkActivityIndicatorManager.m */; };
		0706081B1B7E14F200B715E9 /* UIActivityIndicatorView+AFNetworking.m in Sources */ = {isa = PBXBuildFile; fileRef = 0706078B1B7E14F100B715E9 /* UIActivityIndicatorView+AFNetworking.m */; };
		0706081C1B7E14F200B715E9 /* UIAlertView+AFNetworking.m in Sources */ = {isa = PBXBuildFile; fileRef = 0706078D1B7E14F100B715E9 /* UIAlertView+AFNetworking.m */; };
		0706081D1B7E14F200B715E9 /* UIButton+AFNetworking.m in Sources */ = {isa = PBXBuildFile; fileRef = 0706078F1B7E14F100B715E9 /* UIButton+AFNetworking.m */; };
		0706081E1B7E14F200B715E9 /* UIImageView+AFNetworking.m in Sources */ = {isa = PBXBuildFile; fileRef = 070607911B7E14F100B715E9 /* UIImageView+AFNetworking.m */; };
		0706081F1B7E14F200B715E9 /* UIProgressView+AFNetworking.m in Sources */ = {isa = PBXBuildFile; fileRef = 070607941B7E14F100B715E9 /* UIProgressView+AFNetworking.m */; };
		070608201B7E14F200B715E9 /* UIRefreshControl+AFNetworking.m in Sources */ = {isa = PBXBuildFile; fileRef = 070607961B7E14F100B715E9 /* UIRefreshControl+AFNetworking.m */; };
		070608211B7E14F200B715E9 /* UIWebView+AFNetworking.m in Sources */ = {isa = PBXBuildFile; fileRef = 070607981B7E14F100B715E9 /* UIWebView+AFNetworking.m */; };
		070608231B7E14F200B715E9 /* MBProgressHUD.m in Sources */ = {isa = PBXBuildFile; fileRef = 0706079C1B7E14F100B715E9 /* MBProgressHUD.m */; };
		070608441B7E14F200B715E9 /* ALView+PureLayout.m in Sources */ = {isa = PBXBuildFile; fileRef = 070607E51B7E14F100B715E9 /* ALView+PureLayout.m */; };
		070608451B7E14F200B715E9 /* NSArray+PureLayout.m in Sources */ = {isa = PBXBuildFile; fileRef = 070607E71B7E14F200B715E9 /* NSArray+PureLayout.m */; };
		070608461B7E14F200B715E9 /* NSLayoutConstraint+PureLayout.m in Sources */ = {isa = PBXBuildFile; fileRef = 070607E91B7E14F200B715E9 /* NSLayoutConstraint+PureLayout.m */; };
		0706084A1B7E14F200B715E9 /* NSData+ImageContentType.m in Sources */ = {isa = PBXBuildFile; fileRef = 070607F31B7E14F200B715E9 /* NSData+ImageContentType.m */; };
		0706084B1B7E14F200B715E9 /* SDImageCache.m in Sources */ = {isa = PBXBuildFile; fileRef = 070607F51B7E14F200B715E9 /* SDImageCache.m */; };
		0706084C1B7E14F200B715E9 /* SDWebImageCompat.m in Sources */ = {isa = PBXBuildFile; fileRef = 070607F71B7E14F200B715E9 /* SDWebImageCompat.m */; };
		0706084D1B7E14F200B715E9 /* SDWebImageDecoder.m in Sources */ = {isa = PBXBuildFile; fileRef = 070607F91B7E14F200B715E9 /* SDWebImageDecoder.m */; };
		0706084E1B7E14F200B715E9 /* SDWebImageDownloader.m in Sources */ = {isa = PBXBuildFile; fileRef = 070607FB1B7E14F200B715E9 /* SDWebImageDownloader.m */; };
		0706084F1B7E14F200B715E9 /* SDWebImageDownloaderOperation.m in Sources */ = {isa = PBXBuildFile; fileRef = 070607FD1B7E14F200B715E9 /* SDWebImageDownloaderOperation.m */; };
		070608501B7E14F200B715E9 /* SDWebImageManager.m in Sources */ = {isa = PBXBuildFile; fileRef = 070607FF1B7E14F200B715E9 /* SDWebImageManager.m */; };
		070608511B7E14F200B715E9 /* SDWebImagePrefetcher.m in Sources */ = {isa = PBXBuildFile; fileRef = 070608021B7E14F200B715E9 /* SDWebImagePrefetcher.m */; };
		070608521B7E14F200B715E9 /* UIButton+WebCache.m in Sources */ = {isa = PBXBuildFile; fileRef = 070608041B7E14F200B715E9 /* UIButton+WebCache.m */; };
		070608531B7E14F200B715E9 /* UIImage+GIF.m in Sources */ = {isa = PBXBuildFile; fileRef = 070608061B7E14F200B715E9 /* UIImage+GIF.m */; };
		070608541B7E14F200B715E9 /* UIImage+MultiFormat.m in Sources */ = {isa = PBXBuildFile; fileRef = 070608081B7E14F200B715E9 /* UIImage+MultiFormat.m */; };
		070608551B7E14F200B715E9 /* UIImageView+HighlightedWebCache.m in Sources */ = {isa = PBXBuildFile; fileRef = 0706080A1B7E14F200B715E9 /* UIImageView+HighlightedWebCache.m */; };
		070608561B7E14F200B715E9 /* UIImageView+WebCache.m in Sources */ = {isa = PBXBuildFile; fileRef = 0706080C1B7E14F200B715E9 /* UIImageView+WebCache.m */; };
		070608571B7E14F200B715E9 /* UIView+WebCacheOperation.m in Sources */ = {isa = PBXBuildFile; fileRef = 0706080E1B7E14F200B715E9 /* UIView+WebCacheOperation.m */; };
		0726D55F1B7F29F000B928C7 /* Status.m in Sources */ = {isa = PBXBuildFile; fileRef = 0726D55C1B7F29F000B928C7 /* Status.m */; };
		0726D5601B7F29F000B928C7 /* User.m in Sources */ = {isa = PBXBuildFile; fileRef = 0726D55E1B7F29F000B928C7 /* User.m */; };
		0726D5771B7F303600B928C7 /* MJExtensionConst.m in Sources */ = {isa = PBXBuildFile; fileRef = 0726D5641B7F303600B928C7 /* MJExtensionConst.m */; };
		0726D5781B7F303600B928C7 /* MJFoundation.m in Sources */ = {isa = PBXBuildFile; fileRef = 0726D5661B7F303600B928C7 /* MJFoundation.m */; };
		0726D5791B7F303600B928C7 /* MJProperty.m in Sources */ = {isa = PBXBuildFile; fileRef = 0726D5681B7F303600B928C7 /* MJProperty.m */; };
		0726D57A1B7F303600B928C7 /* MJPropertyKey.m in Sources */ = {isa = PBXBuildFile; fileRef = 0726D56A1B7F303600B928C7 /* MJPropertyKey.m */; };
		0726D57B1B7F303600B928C7 /* MJPropertyType.m in Sources */ = {isa = PBXBuildFile; fileRef = 0726D56C1B7F303600B928C7 /* MJPropertyType.m */; };
		0726D57C1B7F303600B928C7 /* NSObject+MJClass.m in Sources */ = {isa = PBXBuildFile; fileRef = 0726D56E1B7F303600B928C7 /* NSObject+MJClass.m */; };
		0726D57D1B7F303600B928C7 /* NSObject+MJCoding.m in Sources */ = {isa = PBXBuildFile; fileRef = 0726D5701B7F303600B928C7 /* NSObject+MJCoding.m */; };
		0726D57E1B7F303600B928C7 /* NSObject+MJKeyValue.m in Sources */ = {isa = PBXBuildFile; fileRef = 0726D5721B7F303600B928C7 /* NSObject+MJKeyValue.m */; };
		0726D57F1B7F303600B928C7 /* NSObject+MJProperty.m in Sources */ = {isa = PBXBuildFile; fileRef = 0726D5741B7F303600B928C7 /* NSObject+MJProperty.m */; };
		0726D5801B7F303600B928C7 /* NSString+MJExtension.m in Sources */ = {isa = PBXBuildFile; fileRef = 0726D5761B7F303600B928C7 /* NSString+MJExtension.m */; };
		0726D5AE1B7F30A600B928C7 /* MJRefreshAutoFooter.m in Sources */ = {isa = PBXBuildFile; fileRef = 0726D5841B7F30A600B928C7 /* MJRefreshAutoFooter.m */; };
		0726D5AF1B7F30A600B928C7 /* MJRefreshBackFooter.m in Sources */ = {isa = PBXBuildFile; fileRef = 0726D5861B7F30A600B928C7 /* MJRefreshBackFooter.m */; };
		0726D5B01B7F30A600B928C7 /* MJRefreshComponent.m in Sources */ = {isa = PBXBuildFile; fileRef = 0726D5881B7F30A600B928C7 /* MJRefreshComponent.m */; };
		0726D5B11B7F30A600B928C7 /* MJRefreshFooter.m in Sources */ = {isa = PBXBuildFile; fileRef = 0726D58A1B7F30A600B928C7 /* MJRefreshFooter.m */; };
		0726D5B21B7F30A600B928C7 /* MJRefreshHeader.m in Sources */ = {isa = PBXBuildFile; fileRef = 0726D58C1B7F30A600B928C7 /* MJRefreshHeader.m */; };
		0726D5B31B7F30A600B928C7 /* MJRefreshAutoGifFooter.m in Sources */ = {isa = PBXBuildFile; fileRef = 0726D5911B7F30A600B928C7 /* MJRefreshAutoGifFooter.m */; };
		0726D5B41B7F30A600B928C7 /* MJRefreshAutoNormalFooter.m in Sources */ = {isa = PBXBuildFile; fileRef = 0726D5931B7F30A600B928C7 /* MJRefreshAutoNormalFooter.m */; };
		0726D5B51B7F30A600B928C7 /* MJRefreshAutoStateFooter.m in Sources */ = {isa = PBXBuildFile; fileRef = 0726D5951B7F30A600B928C7 /* MJRefreshAutoStateFooter.m */; };
		0726D5B61B7F30A600B928C7 /* MJRefreshBackGifFooter.m in Sources */ = {isa = PBXBuildFile; fileRef = 0726D5981B7F30A600B928C7 /* MJRefreshBackGifFooter.m */; };
		0726D5B71B7F30A600B928C7 /* MJRefreshBackNormalFooter.m in Sources */ = {isa = PBXBuildFile; fileRef = 0726D59A1B7F30A600B928C7 /* MJRefreshBackNormalFooter.m */; };
		0726D5B81B7F30A600B928C7 /* MJRefreshBackStateFooter.m in Sources */ = {isa = PBXBuildFile; fileRef = 0726D59C1B7F30A600B928C7 /* MJRefreshBackStateFooter.m */; };
		0726D5B91B7F30A600B928C7 /* MJRefreshGifHeader.m in Sources */ = {isa = PBXBuildFile; fileRef = 0726D59F1B7F30A600B928C7 /* MJRefreshGifHeader.m */; };
		0726D5BA1B7F30A600B928C7 /* MJRefreshNormalHeader.m in Sources */ = {isa = PBXBuildFile; fileRef = 0726D5A11B7F30A600B928C7 /* MJRefreshNormalHeader.m */; };
		0726D5BB1B7F30A600B928C7 /* MJRefreshStateHeader.m in Sources */ = {isa = PBXBuildFile; fileRef = 0726D5A31B7F30A600B928C7 /* MJRefreshStateHeader.m */; };
		0726D5BC1B7F30A600B928C7 /* MJRefresh.bundle in Resources */ = {isa = PBXBuildFile; fileRef = 0726D5A41B7F30A600B928C7 /* MJRefresh.bundle */; };
		0726D5BD1B7F30A600B928C7 /* MJRefreshConst.m in Sources */ = {isa = PBXBuildFile; fileRef = 0726D5A71B7F30A600B928C7 /* MJRefreshConst.m */; };
		0726D5BE1B7F30A600B928C7 /* UIScrollView+MJExtension.m in Sources */ = {isa = PBXBuildFile; fileRef = 0726D5A91B7F30A600B928C7 /* UIScrollView+MJExtension.m */; };
		0726D5BF1B7F30A600B928C7 /* UIScrollView+MJRefresh.m in Sources */ = {isa = PBXBuildFile; fileRef = 0726D5AB1B7F30A600B928C7 /* UIScrollView+MJRefresh.m */; };
		0726D5C01B7F30A600B928C7 /* UIView+MJExtension.m in Sources */ = {isa = PBXBuildFile; fileRef = 0726D5AD1B7F30A600B928C7 /* UIView+MJExtension.m */; };
		074146051B5A481900638844 /* DJNavigationController.m in Sources */ = {isa = PBXBuildFile; fileRef = 074146021B5A481900638844 /* DJNavigationController.m */; };
		074146061B5A481900638844 /* DJTabBar.m in Sources */ = {isa = PBXBuildFile; fileRef = 074146041B5A481900638844 /* DJTabBar.m */; };
		0741460D1B5A4C3800638844 /* UIBarButtonItem+EzInit.m in Sources */ = {isa = PBXBuildFile; fileRef = 0741460C1B5A4C3800638844 /* UIBarButtonItem+EzInit.m */; };
		07604D601B594321003129FB /* main.m in Sources */ = {isa = PBXBuildFile; fileRef = 07604D5F1B594321003129FB /* main.m */; };
		07604D631B594321003129FB /* AppDelegate.m in Sources */ = {isa = PBXBuildFile; fileRef = 07604D621B594321003129FB /* AppDelegate.m */; };
		07604D6B1B594321003129FB /* Images.xcassets in Resources */ = {isa = PBXBuildFile; fileRef = 07604D6A1B594321003129FB /* Images.xcassets */; };
		07604D6E1B594321003129FB /* LaunchScreen.xib in Resources */ = {isa = PBXBuildFile; fileRef = 07604D6C1B594321003129FB /* LaunchScreen.xib */; };
		07604D7A1B594321003129FB /* ObjC_WeiboTests.m in Sources */ = {isa = PBXBuildFile; fileRef = 07604D791B594321003129FB /* ObjC_WeiboTests.m */; };
		07604DAA1B594437003129FB /* DiscoverViewController.m in Sources */ = {isa = PBXBuildFile; fileRef = 07604D991B594437003129FB /* DiscoverViewController.m */; };
		07604DAB1B594437003129FB /* HomeViewController.m in Sources */ = {isa = PBXBuildFile; fileRef = 07604D9D1B594437003129FB /* HomeViewController.m */; };
		07604DAC1B594437003129FB /* MessageViewController.m in Sources */ = {isa = PBXBuildFile; fileRef = 07604DA11B594437003129FB /* MessageViewController.m */; };
		07604DAD1B594437003129FB /* ProfileViewController.m in Sources */ = {isa = PBXBuildFile; fileRef = 07604DA51B594437003129FB /* ProfileViewController.m */; };
		07604DAE1B594437003129FB /* RootViewController.m in Sources */ = {isa = PBXBuildFile; fileRef = 07604DA91B594437003129FB /* RootViewController.m */; };
		07844FC41B5A1F3400F19901 /* UIView+EzFrame.m in Sources */ = {isa = PBXBuildFile; fileRef = 07844FC31B5A1F3400F19901 /* UIView+EzFrame.m */; };
		078F75B51B7B971E0048C49F /* OAuthViewController.m in Sources */ = {isa = PBXBuildFile; fileRef = 078F75B41B7B971E0048C49F /* OAuthViewController.m */; };
		07B5FBCE1B7E26CB00C6603C /* Account.m in Sources */ = {isa = PBXBuildFile; fileRef = 07B5FBCD1B7E26CB00C6603C /* Account.m */; };
		07B5FBD31B7E355E00C6603C /* MBProgressHUD+EzHUD.m in Sources */ = {isa = PBXBuildFile; fileRef = 07B5FBD21B7E355E00C6603C /* MBProgressHUD+EzHUD.m */; };
		07B5FBD51B7E360D00C6603C /* MBProgressHUD.bundle in Resources */ = {isa = PBXBuildFile; fileRef = 07B5FBD41B7E360D00C6603C /* MBProgressHUD.bundle */; };
		07B5FBD91B7E3B3E00C6603C /* AccountTools.m in Sources */ = {isa = PBXBuildFile; fileRef = 07B5FBD81B7E3B3E00C6603C /* AccountTools.m */; };
		07B5FBDF1B7E45B900C6603C /* UIWindow+Extension.m in Sources */ = {isa = PBXBuildFile; fileRef = 07B5FBDE1B7E45B900C6603C /* UIWindow+Extension.m */; };
		07F1D12F1B5BBCF400DABF11 /* DJHomeVCTitleButton.m in Sources */ = {isa = PBXBuildFile; fileRef = 07F1D12E1B5BBCF400DABF11 /* DJHomeVCTitleButton.m */; };
		07F1D1321B5BD9C300DABF11 /* DropdownView.m in Sources */ = {isa = PBXBuildFile; fileRef = 07F1D1311B5BD9C300DABF11 /* DropdownView.m */; };
		07F1D13D1B5BDC6F00DABF11 /* NewFeatureViewController.m in Sources */ = {isa = PBXBuildFile; fileRef = 07F1D13C1B5BDC6F00DABF11 /* NewFeatureViewController.m */; };
/* End PBXBuildFile section */

/* Begin PBXContainerItemProxy section */
		07604D741B594321003129FB /* PBXContainerItemProxy */ = {
			isa = PBXContainerItemProxy;
			containerPortal = 07604D521B594321003129FB /* Project object */;
			proxyType = 1;
			remoteGlobalIDString = 07604D591B594321003129FB;
			remoteInfo = "ObjC-Weibo";
		};
/* End PBXContainerItemProxy section */

/* Begin PBXFileReference section */
		070607721B7E14F100B715E9 /* AFHTTPRequestOperation.h */ = {isa = PBXFileReference; fileEncoding = 4; lastKnownFileType = sourcecode.c.h; path = AFHTTPRequestOperation.h; sourceTree = "<group>"; };
		070607731B7E14F100B715E9 /* AFHTTPRequestOperation.m */ = {isa = PBXFileReference; fileEncoding = 4; lastKnownFileType = sourcecode.c.objc; path = AFHTTPRequestOperation.m; sourceTree = "<group>"; };
		070607741B7E14F100B715E9 /* AFHTTPRequestOperationManager.h */ = {isa = PBXFileReference; fileEncoding = 4; lastKnownFileType = sourcecode.c.h; path = AFHTTPRequestOperationManager.h; sourceTree = "<group>"; };
		070607751B7E14F100B715E9 /* AFHTTPRequestOperationManager.m */ = {isa = PBXFileReference; fileEncoding = 4; lastKnownFileType = sourcecode.c.objc; path = AFHTTPRequestOperationManager.m; sourceTree = "<group>"; };
		070607761B7E14F100B715E9 /* AFHTTPSessionManager.h */ = {isa = PBXFileReference; fileEncoding = 4; lastKnownFileType = sourcecode.c.h; path = AFHTTPSessionManager.h; sourceTree = "<group>"; };
		070607771B7E14F100B715E9 /* AFHTTPSessionManager.m */ = {isa = PBXFileReference; fileEncoding = 4; lastKnownFileType = sourcecode.c.objc; path = AFHTTPSessionManager.m; sourceTree = "<group>"; };
		070607781B7E14F100B715E9 /* AFNetworking.h */ = {isa = PBXFileReference; fileEncoding = 4; lastKnownFileType = sourcecode.c.h; path = AFNetworking.h; sourceTree = "<group>"; };
		070607791B7E14F100B715E9 /* AFNetworkReachabilityManager.h */ = {isa = PBXFileReference; fileEncoding = 4; lastKnownFileType = sourcecode.c.h; path = AFNetworkReachabilityManager.h; sourceTree = "<group>"; };
		0706077A1B7E14F100B715E9 /* AFNetworkReachabilityManager.m */ = {isa = PBXFileReference; fileEncoding = 4; lastKnownFileType = sourcecode.c.objc; path = AFNetworkReachabilityManager.m; sourceTree = "<group>"; };
		0706077B1B7E14F100B715E9 /* AFSecurityPolicy.h */ = {isa = PBXFileReference; fileEncoding = 4; lastKnownFileType = sourcecode.c.h; path = AFSecurityPolicy.h; sourceTree = "<group>"; };
		0706077C1B7E14F100B715E9 /* AFSecurityPolicy.m */ = {isa = PBXFileReference; fileEncoding = 4; lastKnownFileType = sourcecode.c.objc; path = AFSecurityPolicy.m; sourceTree = "<group>"; };
		0706077D1B7E14F100B715E9 /* AFURLConnectionOperation.h */ = {isa = PBXFileReference; fileEncoding = 4; lastKnownFileType = sourcecode.c.h; path = AFURLConnectionOperation.h; sourceTree = "<group>"; };
		0706077E1B7E14F100B715E9 /* AFURLConnectionOperation.m */ = {isa = PBXFileReference; fileEncoding = 4; lastKnownFileType = sourcecode.c.objc; path = AFURLConnectionOperation.m; sourceTree = "<group>"; };
		0706077F1B7E14F100B715E9 /* AFURLRequestSerialization.h */ = {isa = PBXFileReference; fileEncoding = 4; lastKnownFileType = sourcecode.c.h; path = AFURLRequestSerialization.h; sourceTree = "<group>"; };
		070607801B7E14F100B715E9 /* AFURLRequestSerialization.m */ = {isa = PBXFileReference; fileEncoding = 4; lastKnownFileType = sourcecode.c.objc; path = AFURLRequestSerialization.m; sourceTree = "<group>"; };
		070607811B7E14F100B715E9 /* AFURLResponseSerialization.h */ = {isa = PBXFileReference; fileEncoding = 4; lastKnownFileType = sourcecode.c.h; path = AFURLResponseSerialization.h; sourceTree = "<group>"; };
		070607821B7E14F100B715E9 /* AFURLResponseSerialization.m */ = {isa = PBXFileReference; fileEncoding = 4; lastKnownFileType = sourcecode.c.objc; path = AFURLResponseSerialization.m; sourceTree = "<group>"; };
		070607831B7E14F100B715E9 /* AFURLSessionManager.h */ = {isa = PBXFileReference; fileEncoding = 4; lastKnownFileType = sourcecode.c.h; path = AFURLSessionManager.h; sourceTree = "<group>"; };
		070607841B7E14F100B715E9 /* AFURLSessionManager.m */ = {isa = PBXFileReference; fileEncoding = 4; lastKnownFileType = sourcecode.c.objc; path = AFURLSessionManager.m; sourceTree = "<group>"; };
		070607881B7E14F100B715E9 /* AFNetworkActivityIndicatorManager.h */ = {isa = PBXFileReference; fileEncoding = 4; lastKnownFileType = sourcecode.c.h; path = AFNetworkActivityIndicatorManager.h; sourceTree = "<group>"; };
		070607891B7E14F100B715E9 /* AFNetworkActivityIndicatorManager.m */ = {isa = PBXFileReference; fileEncoding = 4; lastKnownFileType = sourcecode.c.objc; path = AFNetworkActivityIndicatorManager.m; sourceTree = "<group>"; };
		0706078A1B7E14F100B715E9 /* UIActivityIndicatorView+AFNetworking.h */ = {isa = PBXFileReference; fileEncoding = 4; lastKnownFileType = sourcecode.c.h; path = "UIActivityIndicatorView+AFNetworking.h"; sourceTree = "<group>"; };
		0706078B1B7E14F100B715E9 /* UIActivityIndicatorView+AFNetworking.m */ = {isa = PBXFileReference; fileEncoding = 4; lastKnownFileType = sourcecode.c.objc; path = "UIActivityIndicatorView+AFNetworking.m"; sourceTree = "<group>"; };
		0706078C1B7E14F100B715E9 /* UIAlertView+AFNetworking.h */ = {isa = PBXFileReference; fileEncoding = 4; lastKnownFileType = sourcecode.c.h; path = "UIAlertView+AFNetworking.h"; sourceTree = "<group>"; };
		0706078D1B7E14F100B715E9 /* UIAlertView+AFNetworking.m */ = {isa = PBXFileReference; fileEncoding = 4; lastKnownFileType = sourcecode.c.objc; path = "UIAlertView+AFNetworking.m"; sourceTree = "<group>"; };
		0706078E1B7E14F100B715E9 /* UIButton+AFNetworking.h */ = {isa = PBXFileReference; fileEncoding = 4; lastKnownFileType = sourcecode.c.h; path = "UIButton+AFNetworking.h"; sourceTree = "<group>"; };
		0706078F1B7E14F100B715E9 /* UIButton+AFNetworking.m */ = {isa = PBXFileReference; fileEncoding = 4; lastKnownFileType = sourcecode.c.objc; path = "UIButton+AFNetworking.m"; sourceTree = "<group>"; };
		070607901B7E14F100B715E9 /* UIImageView+AFNetworking.h */ = {isa = PBXFileReference; fileEncoding = 4; lastKnownFileType = sourcecode.c.h; path = "UIImageView+AFNetworking.h"; sourceTree = "<group>"; };
		070607911B7E14F100B715E9 /* UIImageView+AFNetworking.m */ = {isa = PBXFileReference; fileEncoding = 4; lastKnownFileType = sourcecode.c.objc; path = "UIImageView+AFNetworking.m"; sourceTree = "<group>"; };
		070607921B7E14F100B715E9 /* UIKit+AFNetworking.h */ = {isa = PBXFileReference; fileEncoding = 4; lastKnownFileType = sourcecode.c.h; path = "UIKit+AFNetworking.h"; sourceTree = "<group>"; };
		070607931B7E14F100B715E9 /* UIProgressView+AFNetworking.h */ = {isa = PBXFileReference; fileEncoding = 4; lastKnownFileType = sourcecode.c.h; path = "UIProgressView+AFNetworking.h"; sourceTree = "<group>"; };
		070607941B7E14F100B715E9 /* UIProgressView+AFNetworking.m */ = {isa = PBXFileReference; fileEncoding = 4; lastKnownFileType = sourcecode.c.objc; path = "UIProgressView+AFNetworking.m"; sourceTree = "<group>"; };
		070607951B7E14F100B715E9 /* UIRefreshControl+AFNetworking.h */ = {isa = PBXFileReference; fileEncoding = 4; lastKnownFileType = sourcecode.c.h; path = "UIRefreshControl+AFNetworking.h"; sourceTree = "<group>"; };
		070607961B7E14F100B715E9 /* UIRefreshControl+AFNetworking.m */ = {isa = PBXFileReference; fileEncoding = 4; lastKnownFileType = sourcecode.c.objc; path = "UIRefreshControl+AFNetworking.m"; sourceTree = "<group>"; };
		070607971B7E14F100B715E9 /* UIWebView+AFNetworking.h */ = {isa = PBXFileReference; fileEncoding = 4; lastKnownFileType = sourcecode.c.h; path = "UIWebView+AFNetworking.h"; sourceTree = "<group>"; };
		070607981B7E14F100B715E9 /* UIWebView+AFNetworking.m */ = {isa = PBXFileReference; fileEncoding = 4; lastKnownFileType = sourcecode.c.objc; path = "UIWebView+AFNetworking.m"; sourceTree = "<group>"; };
		0706079B1B7E14F100B715E9 /* MBProgressHUD.h */ = {isa = PBXFileReference; fileEncoding = 4; lastKnownFileType = sourcecode.c.h; path = MBProgressHUD.h; sourceTree = "<group>"; };
		0706079C1B7E14F100B715E9 /* MBProgressHUD.m */ = {isa = PBXFileReference; fileEncoding = 4; lastKnownFileType = sourcecode.c.objc; path = MBProgressHUD.m; sourceTree = "<group>"; };
		070607E41B7E14F100B715E9 /* ALView+PureLayout.h */ = {isa = PBXFileReference; fileEncoding = 4; lastKnownFileType = sourcecode.c.h; path = "ALView+PureLayout.h"; sourceTree = "<group>"; };
		070607E51B7E14F100B715E9 /* ALView+PureLayout.m */ = {isa = PBXFileReference; fileEncoding = 4; lastKnownFileType = sourcecode.c.objc; path = "ALView+PureLayout.m"; sourceTree = "<group>"; };
		070607E61B7E14F200B715E9 /* NSArray+PureLayout.h */ = {isa = PBXFileReference; fileEncoding = 4; lastKnownFileType = sourcecode.c.h; path = "NSArray+PureLayout.h"; sourceTree = "<group>"; };
		070607E71B7E14F200B715E9 /* NSArray+PureLayout.m */ = {isa = PBXFileReference; fileEncoding = 4; lastKnownFileType = sourcecode.c.objc; path = "NSArray+PureLayout.m"; sourceTree = "<group>"; };
		070607E81B7E14F200B715E9 /* NSLayoutConstraint+PureLayout.h */ = {isa = PBXFileReference; fileEncoding = 4; lastKnownFileType = sourcecode.c.h; path = "NSLayoutConstraint+PureLayout.h"; sourceTree = "<group>"; };
		070607E91B7E14F200B715E9 /* NSLayoutConstraint+PureLayout.m */ = {isa = PBXFileReference; fileEncoding = 4; lastKnownFileType = sourcecode.c.objc; path = "NSLayoutConstraint+PureLayout.m"; sourceTree = "<group>"; };
		070607EA1B7E14F200B715E9 /* PureLayout+Internal.h */ = {isa = PBXFileReference; fileEncoding = 4; lastKnownFileType = sourcecode.c.h; path = "PureLayout+Internal.h"; sourceTree = "<group>"; };
		070607EB1B7E14F200B715E9 /* PureLayout.h */ = {isa = PBXFileReference; fileEncoding = 4; lastKnownFileType = sourcecode.c.h; path = PureLayout.h; sourceTree = "<group>"; };
		070607EC1B7E14F200B715E9 /* PureLayoutDefines.h */ = {isa = PBXFileReference; fileEncoding = 4; lastKnownFileType = sourcecode.c.h; path = PureLayoutDefines.h; sourceTree = "<group>"; };
		070607F21B7E14F200B715E9 /* NSData+ImageContentType.h */ = {isa = PBXFileReference; fileEncoding = 4; lastKnownFileType = sourcecode.c.h; path = "NSData+ImageContentType.h"; sourceTree = "<group>"; };
		070607F31B7E14F200B715E9 /* NSData+ImageContentType.m */ = {isa = PBXFileReference; fileEncoding = 4; lastKnownFileType = sourcecode.c.objc; path = "NSData+ImageContentType.m"; sourceTree = "<group>"; };
		070607F41B7E14F200B715E9 /* SDImageCache.h */ = {isa = PBXFileReference; fileEncoding = 4; lastKnownFileType = sourcecode.c.h; path = SDImageCache.h; sourceTree = "<group>"; };
		070607F51B7E14F200B715E9 /* SDImageCache.m */ = {isa = PBXFileReference; fileEncoding = 4; lastKnownFileType = sourcecode.c.objc; path = SDImageCache.m; sourceTree = "<group>"; };
		070607F61B7E14F200B715E9 /* SDWebImageCompat.h */ = {isa = PBXFileReference; fileEncoding = 4; lastKnownFileType = sourcecode.c.h; path = SDWebImageCompat.h; sourceTree = "<group>"; };
		070607F71B7E14F200B715E9 /* SDWebImageCompat.m */ = {isa = PBXFileReference; fileEncoding = 4; lastKnownFileType = sourcecode.c.objc; path = SDWebImageCompat.m; sourceTree = "<group>"; };
		070607F81B7E14F200B715E9 /* SDWebImageDecoder.h */ = {isa = PBXFileReference; fileEncoding = 4; lastKnownFileType = sourcecode.c.h; path = SDWebImageDecoder.h; sourceTree = "<group>"; };
		070607F91B7E14F200B715E9 /* SDWebImageDecoder.m */ = {isa = PBXFileReference; fileEncoding = 4; lastKnownFileType = sourcecode.c.objc; path = SDWebImageDecoder.m; sourceTree = "<group>"; };
		070607FA1B7E14F200B715E9 /* SDWebImageDownloader.h */ = {isa = PBXFileReference; fileEncoding = 4; lastKnownFileType = sourcecode.c.h; path = SDWebImageDownloader.h; sourceTree = "<group>"; };
		070607FB1B7E14F200B715E9 /* SDWebImageDownloader.m */ = {isa = PBXFileReference; fileEncoding = 4; lastKnownFileType = sourcecode.c.objc; path = SDWebImageDownloader.m; sourceTree = "<group>"; };
		070607FC1B7E14F200B715E9 /* SDWebImageDownloaderOperation.h */ = {isa = PBXFileReference; fileEncoding = 4; lastKnownFileType = sourcecode.c.h; path = SDWebImageDownloaderOperation.h; sourceTree = "<group>"; };
		070607FD1B7E14F200B715E9 /* SDWebImageDownloaderOperation.m */ = {isa = PBXFileReference; fileEncoding = 4; lastKnownFileType = sourcecode.c.objc; path = SDWebImageDownloaderOperation.m; sourceTree = "<group>"; };
		070607FE1B7E14F200B715E9 /* SDWebImageManager.h */ = {isa = PBXFileReference; fileEncoding = 4; lastKnownFileType = sourcecode.c.h; path = SDWebImageManager.h; sourceTree = "<group>"; };
		070607FF1B7E14F200B715E9 /* SDWebImageManager.m */ = {isa = PBXFileReference; fileEncoding = 4; lastKnownFileType = sourcecode.c.objc; path = SDWebImageManager.m; sourceTree = "<group>"; };
		070608001B7E14F200B715E9 /* SDWebImageOperation.h */ = {isa = PBXFileReference; fileEncoding = 4; lastKnownFileType = sourcecode.c.h; path = SDWebImageOperation.h; sourceTree = "<group>"; };
		070608011B7E14F200B715E9 /* SDWebImagePrefetcher.h */ = {isa = PBXFileReference; fileEncoding = 4; lastKnownFileType = sourcecode.c.h; path = SDWebImagePrefetcher.h; sourceTree = "<group>"; };
		070608021B7E14F200B715E9 /* SDWebImagePrefetcher.m */ = {isa = PBXFileReference; fileEncoding = 4; lastKnownFileType = sourcecode.c.objc; path = SDWebImagePrefetcher.m; sourceTree = "<group>"; };
		070608031B7E14F200B715E9 /* UIButton+WebCache.h */ = {isa = PBXFileReference; fileEncoding = 4; lastKnownFileType = sourcecode.c.h; path = "UIButton+WebCache.h"; sourceTree = "<group>"; };
		070608041B7E14F200B715E9 /* UIButton+WebCache.m */ = {isa = PBXFileReference; fileEncoding = 4; lastKnownFileType = sourcecode.c.objc; path = "UIButton+WebCache.m"; sourceTree = "<group>"; };
		070608051B7E14F200B715E9 /* UIImage+GIF.h */ = {isa = PBXFileReference; fileEncoding = 4; lastKnownFileType = sourcecode.c.h; path = "UIImage+GIF.h"; sourceTree = "<group>"; };
		070608061B7E14F200B715E9 /* UIImage+GIF.m */ = {isa = PBXFileReference; fileEncoding = 4; lastKnownFileType = sourcecode.c.objc; path = "UIImage+GIF.m"; sourceTree = "<group>"; };
		070608071B7E14F200B715E9 /* UIImage+MultiFormat.h */ = {isa = PBXFileReference; fileEncoding = 4; lastKnownFileType = sourcecode.c.h; path = "UIImage+MultiFormat.h"; sourceTree = "<group>"; };
		070608081B7E14F200B715E9 /* UIImage+MultiFormat.m */ = {isa = PBXFileReference; fileEncoding = 4; lastKnownFileType = sourcecode.c.objc; path = "UIImage+MultiFormat.m"; sourceTree = "<group>"; };
		070608091B7E14F200B715E9 /* UIImageView+HighlightedWebCache.h */ = {isa = PBXFileReference; fileEncoding = 4; lastKnownFileType = sourcecode.c.h; path = "UIImageView+HighlightedWebCache.h"; sourceTree = "<group>"; };
		0706080A1B7E14F200B715E9 /* UIImageView+HighlightedWebCache.m */ = {isa = PBXFileReference; fileEncoding = 4; lastKnownFileType = sourcecode.c.objc; path = "UIImageView+HighlightedWebCache.m"; sourceTree = "<group>"; };
		0706080B1B7E14F200B715E9 /* UIImageView+WebCache.h */ = {isa = PBXFileReference; fileEncoding = 4; lastKnownFileType = sourcecode.c.h; path = "UIImageView+WebCache.h"; sourceTree = "<group>"; };
		0706080C1B7E14F200B715E9 /* UIImageView+WebCache.m */ = {isa = PBXFileReference; fileEncoding = 4; lastKnownFileType = sourcecode.c.objc; path = "UIImageView+WebCache.m"; sourceTree = "<group>"; };
		0706080D1B7E14F200B715E9 /* UIView+WebCacheOperation.h */ = {isa = PBXFileReference; fileEncoding = 4; lastKnownFileType = sourcecode.c.h; path = "UIView+WebCacheOperation.h"; sourceTree = "<group>"; };
		0706080E1B7E14F200B715E9 /* UIView+WebCacheOperation.m */ = {isa = PBXFileReference; fileEncoding = 4; lastKnownFileType = sourcecode.c.objc; path = "UIView+WebCacheOperation.m"; sourceTree = "<group>"; };
		0726D55B1B7F29F000B928C7 /* Status.h */ = {isa = PBXFileReference; fileEncoding = 4; lastKnownFileType = sourcecode.c.h; path = Status.h; sourceTree = "<group>"; };
		0726D55C1B7F29F000B928C7 /* Status.m */ = {isa = PBXFileReference; fileEncoding = 4; lastKnownFileType = sourcecode.c.objc; path = Status.m; sourceTree = "<group>"; };
		0726D55D1B7F29F000B928C7 /* User.h */ = {isa = PBXFileReference; fileEncoding = 4; lastKnownFileType = sourcecode.c.h; path = User.h; sourceTree = "<group>"; };
		0726D55E1B7F29F000B928C7 /* User.m */ = {isa = PBXFileReference; fileEncoding = 4; lastKnownFileType = sourcecode.c.objc; path = User.m; sourceTree = "<group>"; };
		0726D5621B7F303600B928C7 /* MJExtension.h */ = {isa = PBXFileReference; fileEncoding = 4; lastKnownFileType = sourcecode.c.h; path = MJExtension.h; sourceTree = "<group>"; };
		0726D5631B7F303600B928C7 /* MJExtensionConst.h */ = {isa = PBXFileReference; fileEncoding = 4; lastKnownFileType = sourcecode.c.h; path = MJExtensionConst.h; sourceTree = "<group>"; };
		0726D5641B7F303600B928C7 /* MJExtensionConst.m */ = {isa = PBXFileReference; fileEncoding = 4; lastKnownFileType = sourcecode.c.objc; path = MJExtensionConst.m; sourceTree = "<group>"; };
		0726D5651B7F303600B928C7 /* MJFoundation.h */ = {isa = PBXFileReference; fileEncoding = 4; lastKnownFileType = sourcecode.c.h; path = MJFoundation.h; sourceTree = "<group>"; };
		0726D5661B7F303600B928C7 /* MJFoundation.m */ = {isa = PBXFileReference; fileEncoding = 4; lastKnownFileType = sourcecode.c.objc; path = MJFoundation.m; sourceTree = "<group>"; };
		0726D5671B7F303600B928C7 /* MJProperty.h */ = {isa = PBXFileReference; fileEncoding = 4; lastKnownFileType = sourcecode.c.h; path = MJProperty.h; sourceTree = "<group>"; };
		0726D5681B7F303600B928C7 /* MJProperty.m */ = {isa = PBXFileReference; fileEncoding = 4; lastKnownFileType = sourcecode.c.objc; path = MJProperty.m; sourceTree = "<group>"; };
		0726D5691B7F303600B928C7 /* MJPropertyKey.h */ = {isa = PBXFileReference; fileEncoding = 4; lastKnownFileType = sourcecode.c.h; path = MJPropertyKey.h; sourceTree = "<group>"; };
		0726D56A1B7F303600B928C7 /* MJPropertyKey.m */ = {isa = PBXFileReference; fileEncoding = 4; lastKnownFileType = sourcecode.c.objc; path = MJPropertyKey.m; sourceTree = "<group>"; };
		0726D56B1B7F303600B928C7 /* MJPropertyType.h */ = {isa = PBXFileReference; fileEncoding = 4; lastKnownFileType = sourcecode.c.h; path = MJPropertyType.h; sourceTree = "<group>"; };
		0726D56C1B7F303600B928C7 /* MJPropertyType.m */ = {isa = PBXFileReference; fileEncoding = 4; lastKnownFileType = sourcecode.c.objc; path = MJPropertyType.m; sourceTree = "<group>"; };
		0726D56D1B7F303600B928C7 /* NSObject+MJClass.h */ = {isa = PBXFileReference; fileEncoding = 4; lastKnownFileType = sourcecode.c.h; path = "NSObject+MJClass.h"; sourceTree = "<group>"; };
		0726D56E1B7F303600B928C7 /* NSObject+MJClass.m */ = {isa = PBXFileReference; fileEncoding = 4; lastKnownFileType = sourcecode.c.objc; path = "NSObject+MJClass.m"; sourceTree = "<group>"; };
		0726D56F1B7F303600B928C7 /* NSObject+MJCoding.h */ = {isa = PBXFileReference; fileEncoding = 4; lastKnownFileType = sourcecode.c.h; path = "NSObject+MJCoding.h"; sourceTree = "<group>"; };
		0726D5701B7F303600B928C7 /* NSObject+MJCoding.m */ = {isa = PBXFileReference; fileEncoding = 4; lastKnownFileType = sourcecode.c.objc; path = "NSObject+MJCoding.m"; sourceTree = "<group>"; };
		0726D5711B7F303600B928C7 /* NSObject+MJKeyValue.h */ = {isa = PBXFileReference; fileEncoding = 4; lastKnownFileType = sourcecode.c.h; path = "NSObject+MJKeyValue.h"; sourceTree = "<group>"; };
		0726D5721B7F303600B928C7 /* NSObject+MJKeyValue.m */ = {isa = PBXFileReference; fileEncoding = 4; lastKnownFileType = sourcecode.c.objc; path = "NSObject+MJKeyValue.m"; sourceTree = "<group>"; };
		0726D5731B7F303600B928C7 /* NSObject+MJProperty.h */ = {isa = PBXFileReference; fileEncoding = 4; lastKnownFileType = sourcecode.c.h; path = "NSObject+MJProperty.h"; sourceTree = "<group>"; };
		0726D5741B7F303600B928C7 /* NSObject+MJProperty.m */ = {isa = PBXFileReference; fileEncoding = 4; lastKnownFileType = sourcecode.c.objc; path = "NSObject+MJProperty.m"; sourceTree = "<group>"; };
		0726D5751B7F303600B928C7 /* NSString+MJExtension.h */ = {isa = PBXFileReference; fileEncoding = 4; lastKnownFileType = sourcecode.c.h; path = "NSString+MJExtension.h"; sourceTree = "<group>"; };
		0726D5761B7F303600B928C7 /* NSString+MJExtension.m */ = {isa = PBXFileReference; fileEncoding = 4; lastKnownFileType = sourcecode.c.objc; path = "NSString+MJExtension.m"; sourceTree = "<group>"; };
		0726D5831B7F30A600B928C7 /* MJRefreshAutoFooter.h */ = {isa = PBXFileReference; fileEncoding = 4; lastKnownFileType = sourcecode.c.h; path = MJRefreshAutoFooter.h; sourceTree = "<group>"; };
		0726D5841B7F30A600B928C7 /* MJRefreshAutoFooter.m */ = {isa = PBXFileReference; fileEncoding = 4; lastKnownFileType = sourcecode.c.objc; path = MJRefreshAutoFooter.m; sourceTree = "<group>"; };
		0726D5851B7F30A600B928C7 /* MJRefreshBackFooter.h */ = {isa = PBXFileReference; fileEncoding = 4; lastKnownFileType = sourcecode.c.h; path = MJRefreshBackFooter.h; sourceTree = "<group>"; };
		0726D5861B7F30A600B928C7 /* MJRefreshBackFooter.m */ = {isa = PBXFileReference; fileEncoding = 4; lastKnownFileType = sourcecode.c.objc; path = MJRefreshBackFooter.m; sourceTree = "<group>"; };
		0726D5871B7F30A600B928C7 /* MJRefreshComponent.h */ = {isa = PBXFileReference; fileEncoding = 4; lastKnownFileType = sourcecode.c.h; path = MJRefreshComponent.h; sourceTree = "<group>"; };
		0726D5881B7F30A600B928C7 /* MJRefreshComponent.m */ = {isa = PBXFileReference; fileEncoding = 4; lastKnownFileType = sourcecode.c.objc; path = MJRefreshComponent.m; sourceTree = "<group>"; };
		0726D5891B7F30A600B928C7 /* MJRefreshFooter.h */ = {isa = PBXFileReference; fileEncoding = 4; lastKnownFileType = sourcecode.c.h; path = MJRefreshFooter.h; sourceTree = "<group>"; };
		0726D58A1B7F30A600B928C7 /* MJRefreshFooter.m */ = {isa = PBXFileReference; fileEncoding = 4; lastKnownFileType = sourcecode.c.objc; path = MJRefreshFooter.m; sourceTree = "<group>"; };
		0726D58B1B7F30A600B928C7 /* MJRefreshHeader.h */ = {isa = PBXFileReference; fileEncoding = 4; lastKnownFileType = sourcecode.c.h; path = MJRefreshHeader.h; sourceTree = "<group>"; };
		0726D58C1B7F30A600B928C7 /* MJRefreshHeader.m */ = {isa = PBXFileReference; fileEncoding = 4; lastKnownFileType = sourcecode.c.objc; path = MJRefreshHeader.m; sourceTree = "<group>"; };
		0726D5901B7F30A600B928C7 /* MJRefreshAutoGifFooter.h */ = {isa = PBXFileReference; fileEncoding = 4; lastKnownFileType = sourcecode.c.h; path = MJRefreshAutoGifFooter.h; sourceTree = "<group>"; };
		0726D5911B7F30A600B928C7 /* MJRefreshAutoGifFooter.m */ = {isa = PBXFileReference; fileEncoding = 4; lastKnownFileType = sourcecode.c.objc; path = MJRefreshAutoGifFooter.m; sourceTree = "<group>"; };
		0726D5921B7F30A600B928C7 /* MJRefreshAutoNormalFooter.h */ = {isa = PBXFileReference; fileEncoding = 4; lastKnownFileType = sourcecode.c.h; path = MJRefreshAutoNormalFooter.h; sourceTree = "<group>"; };
		0726D5931B7F30A600B928C7 /* MJRefreshAutoNormalFooter.m */ = {isa = PBXFileReference; fileEncoding = 4; lastKnownFileType = sourcecode.c.objc; path = MJRefreshAutoNormalFooter.m; sourceTree = "<group>"; };
		0726D5941B7F30A600B928C7 /* MJRefreshAutoStateFooter.h */ = {isa = PBXFileReference; fileEncoding = 4; lastKnownFileType = sourcecode.c.h; path = MJRefreshAutoStateFooter.h; sourceTree = "<group>"; };
		0726D5951B7F30A600B928C7 /* MJRefreshAutoStateFooter.m */ = {isa = PBXFileReference; fileEncoding = 4; lastKnownFileType = sourcecode.c.objc; path = MJRefreshAutoStateFooter.m; sourceTree = "<group>"; };
		0726D5971B7F30A600B928C7 /* MJRefreshBackGifFooter.h */ = {isa = PBXFileReference; fileEncoding = 4; lastKnownFileType = sourcecode.c.h; path = MJRefreshBackGifFooter.h; sourceTree = "<group>"; };
		0726D5981B7F30A600B928C7 /* MJRefreshBackGifFooter.m */ = {isa = PBXFileReference; fileEncoding = 4; lastKnownFileType = sourcecode.c.objc; path = MJRefreshBackGifFooter.m; sourceTree = "<group>"; };
		0726D5991B7F30A600B928C7 /* MJRefreshBackNormalFooter.h */ = {isa = PBXFileReference; fileEncoding = 4; lastKnownFileType = sourcecode.c.h; path = MJRefreshBackNormalFooter.h; sourceTree = "<group>"; };
		0726D59A1B7F30A600B928C7 /* MJRefreshBackNormalFooter.m */ = {isa = PBXFileReference; fileEncoding = 4; lastKnownFileType = sourcecode.c.objc; path = MJRefreshBackNormalFooter.m; sourceTree = "<group>"; };
		0726D59B1B7F30A600B928C7 /* MJRefreshBackStateFooter.h */ = {isa = PBXFileReference; fileEncoding = 4; lastKnownFileType = sourcecode.c.h; path = MJRefreshBackStateFooter.h; sourceTree = "<group>"; };
		0726D59C1B7F30A600B928C7 /* MJRefreshBackStateFooter.m */ = {isa = PBXFileReference; fileEncoding = 4; lastKnownFileType = sourcecode.c.objc; path = MJRefreshBackStateFooter.m; sourceTree = "<group>"; };
		0726D59E1B7F30A600B928C7 /* MJRefreshGifHeader.h */ = {isa = PBXFileReference; fileEncoding = 4; lastKnownFileType = sourcecode.c.h; path = MJRefreshGifHeader.h; sourceTree = "<group>"; };
		0726D59F1B7F30A600B928C7 /* MJRefreshGifHeader.m */ = {isa = PBXFileReference; fileEncoding = 4; lastKnownFileType = sourcecode.c.objc; path = MJRefreshGifHeader.m; sourceTree = "<group>"; };
		0726D5A01B7F30A600B928C7 /* MJRefreshNormalHeader.h */ = {isa = PBXFileReference; fileEncoding = 4; lastKnownFileType = sourcecode.c.h; path = MJRefreshNormalHeader.h; sourceTree = "<group>"; };
		0726D5A11B7F30A600B928C7 /* MJRefreshNormalHeader.m */ = {isa = PBXFileReference; fileEncoding = 4; lastKnownFileType = sourcecode.c.objc; path = MJRefreshNormalHeader.m; sourceTree = "<group>"; };
		0726D5A21B7F30A600B928C7 /* MJRefreshStateHeader.h */ = {isa = PBXFileReference; fileEncoding = 4; lastKnownFileType = sourcecode.c.h; path = MJRefreshStateHeader.h; sourceTree = "<group>"; };
		0726D5A31B7F30A600B928C7 /* MJRefreshStateHeader.m */ = {isa = PBXFileReference; fileEncoding = 4; lastKnownFileType = sourcecode.c.objc; path = MJRefreshStateHeader.m; sourceTree = "<group>"; };
		0726D5A41B7F30A600B928C7 /* MJRefresh.bundle */ = {isa = PBXFileReference; lastKnownFileType = "wrapper.plug-in"; path = MJRefresh.bundle; sourceTree = "<group>"; };
		0726D5A51B7F30A600B928C7 /* MJRefresh.h */ = {isa = PBXFileReference; fileEncoding = 4; lastKnownFileType = sourcecode.c.h; path = MJRefresh.h; sourceTree = "<group>"; };
		0726D5A61B7F30A600B928C7 /* MJRefreshConst.h */ = {isa = PBXFileReference; fileEncoding = 4; lastKnownFileType = sourcecode.c.h; path = MJRefreshConst.h; sourceTree = "<group>"; };
		0726D5A71B7F30A600B928C7 /* MJRefreshConst.m */ = {isa = PBXFileReference; fileEncoding = 4; lastKnownFileType = sourcecode.c.objc; path = MJRefreshConst.m; sourceTree = "<group>"; };
		0726D5A81B7F30A600B928C7 /* UIScrollView+MJExtension.h */ = {isa = PBXFileReference; fileEncoding = 4; lastKnownFileType = sourcecode.c.h; path = "UIScrollView+MJExtension.h"; sourceTree = "<group>"; };
		0726D5A91B7F30A600B928C7 /* UIScrollView+MJExtension.m */ = {isa = PBXFileReference; fileEncoding = 4; lastKnownFileType = sourcecode.c.objc; path = "UIScrollView+MJExtension.m"; sourceTree = "<group>"; };
		0726D5AA1B7F30A600B928C7 /* UIScrollView+MJRefresh.h */ = {isa = PBXFileReference; fileEncoding = 4; lastKnownFileType = sourcecode.c.h; path = "UIScrollView+MJRefresh.h"; sourceTree = "<group>"; };
		0726D5AB1B7F30A600B928C7 /* UIScrollView+MJRefresh.m */ = {isa = PBXFileReference; fileEncoding = 4; lastKnownFileType = sourcecode.c.objc; path = "UIScrollView+MJRefresh.m"; sourceTree = "<group>"; };
		0726D5AC1B7F30A600B928C7 /* UIView+MJExtension.h */ = {isa = PBXFileReference; fileEncoding = 4; lastKnownFileType = sourcecode.c.h; path = "UIView+MJExtension.h"; sourceTree = "<group>"; };
		0726D5AD1B7F30A600B928C7 /* UIView+MJExtension.m */ = {isa = PBXFileReference; fileEncoding = 4; lastKnownFileType = sourcecode.c.objc; path = "UIView+MJExtension.m"; sourceTree = "<group>"; };
		074146011B5A481900638844 /* DJNavigationController.h */ = {isa = PBXFileReference; fileEncoding = 4; lastKnownFileType = sourcecode.c.h; path = DJNavigationController.h; sourceTree = "<group>"; };
		074146021B5A481900638844 /* DJNavigationController.m */ = {isa = PBXFileReference; fileEncoding = 4; lastKnownFileType = sourcecode.c.objc; path = DJNavigationController.m; sourceTree = "<group>"; };
		074146031B5A481900638844 /* DJTabBar.h */ = {isa = PBXFileReference; fileEncoding = 4; lastKnownFileType = sourcecode.c.h; path = DJTabBar.h; sourceTree = "<group>"; };
		074146041B5A481900638844 /* DJTabBar.m */ = {isa = PBXFileReference; fileEncoding = 4; lastKnownFileType = sourcecode.c.objc; path = DJTabBar.m; sourceTree = "<group>"; };
		0741460B1B5A4C3800638844 /* UIBarButtonItem+EzInit.h */ = {isa = PBXFileReference; fileEncoding = 4; lastKnownFileType = sourcecode.c.h; name = "UIBarButtonItem+EzInit.h"; path = "Category/UIBarButtonItem+EzInit.h"; sourceTree = "<group>"; };
		0741460C1B5A4C3800638844 /* UIBarButtonItem+EzInit.m */ = {isa = PBXFileReference; fileEncoding = 4; lastKnownFileType = sourcecode.c.objc; name = "UIBarButtonItem+EzInit.m"; path = "Category/UIBarButtonItem+EzInit.m"; sourceTree = "<group>"; };
		07604D5A1B594321003129FB /* ObjC-Weibo.app */ = {isa = PBXFileReference; explicitFileType = wrapper.application; includeInIndex = 0; path = "ObjC-Weibo.app"; sourceTree = BUILT_PRODUCTS_DIR; };
		07604D5E1B594321003129FB /* Info.plist */ = {isa = PBXFileReference; lastKnownFileType = text.plist.xml; path = Info.plist; sourceTree = "<group>"; };
		07604D5F1B594321003129FB /* main.m */ = {isa = PBXFileReference; lastKnownFileType = sourcecode.c.objc; path = main.m; sourceTree = "<group>"; };
		07604D611B594321003129FB /* AppDelegate.h */ = {isa = PBXFileReference; lastKnownFileType = sourcecode.c.h; path = AppDelegate.h; sourceTree = "<group>"; };
		07604D621B594321003129FB /* AppDelegate.m */ = {isa = PBXFileReference; lastKnownFileType = sourcecode.c.objc; path = AppDelegate.m; sourceTree = "<group>"; };
		07604D6A1B594321003129FB /* Images.xcassets */ = {isa = PBXFileReference; lastKnownFileType = folder.assetcatalog; path = Images.xcassets; sourceTree = "<group>"; };
		07604D6D1B594321003129FB /* Base */ = {isa = PBXFileReference; lastKnownFileType = file.xib; name = Base; path = Base.lproj/LaunchScreen.xib; sourceTree = "<group>"; };
		07604D731B594321003129FB /* ObjC-WeiboTests.xctest */ = {isa = PBXFileReference; explicitFileType = wrapper.cfbundle; includeInIndex = 0; path = "ObjC-WeiboTests.xctest"; sourceTree = BUILT_PRODUCTS_DIR; };
		07604D781B594321003129FB /* Info.plist */ = {isa = PBXFileReference; lastKnownFileType = text.plist.xml; path = Info.plist; sourceTree = "<group>"; };
		07604D791B594321003129FB /* ObjC_WeiboTests.m */ = {isa = PBXFileReference; lastKnownFileType = sourcecode.c.objc; path = ObjC_WeiboTests.m; sourceTree = "<group>"; };
		07604D981B594437003129FB /* DiscoverViewController.h */ = {isa = PBXFileReference; fileEncoding = 4; lastKnownFileType = sourcecode.c.h; path = DiscoverViewController.h; sourceTree = "<group>"; };
		07604D991B594437003129FB /* DiscoverViewController.m */ = {isa = PBXFileReference; fileEncoding = 4; lastKnownFileType = sourcecode.c.objc; path = DiscoverViewController.m; sourceTree = "<group>"; };
		07604D9C1B594437003129FB /* HomeViewController.h */ = {isa = PBXFileReference; fileEncoding = 4; lastKnownFileType = sourcecode.c.h; path = HomeViewController.h; sourceTree = "<group>"; };
		07604D9D1B594437003129FB /* HomeViewController.m */ = {isa = PBXFileReference; fileEncoding = 4; lastKnownFileType = sourcecode.c.objc; path = HomeViewController.m; sourceTree = "<group>"; };
		07604DA01B594437003129FB /* MessageViewController.h */ = {isa = PBXFileReference; fileEncoding = 4; lastKnownFileType = sourcecode.c.h; path = MessageViewController.h; sourceTree = "<group>"; };
		07604DA11B594437003129FB /* MessageViewController.m */ = {isa = PBXFileReference; fileEncoding = 4; lastKnownFileType = sourcecode.c.objc; path = MessageViewController.m; sourceTree = "<group>"; };
		07604DA41B594437003129FB /* ProfileViewController.h */ = {isa = PBXFileReference; fileEncoding = 4; lastKnownFileType = sourcecode.c.h; path = ProfileViewController.h; sourceTree = "<group>"; };
		07604DA51B594437003129FB /* ProfileViewController.m */ = {isa = PBXFileReference; fileEncoding = 4; lastKnownFileType = sourcecode.c.objc; path = ProfileViewController.m; sourceTree = "<group>"; };
		07604DA81B594437003129FB /* RootViewController.h */ = {isa = PBXFileReference; fileEncoding = 4; lastKnownFileType = sourcecode.c.h; path = RootViewController.h; sourceTree = "<group>"; };
		07604DA91B594437003129FB /* RootViewController.m */ = {isa = PBXFileReference; fileEncoding = 4; lastKnownFileType = sourcecode.c.objc; path = RootViewController.m; sourceTree = "<group>"; };
		07844FC21B5A1F3400F19901 /* UIView+EzFrame.h */ = {isa = PBXFileReference; fileEncoding = 4; lastKnownFileType = sourcecode.c.h; name = "UIView+EzFrame.h"; path = "Category/UIView+EzFrame.h"; sourceTree = "<group>"; };
		07844FC31B5A1F3400F19901 /* UIView+EzFrame.m */ = {isa = PBXFileReference; fileEncoding = 4; lastKnownFileType = sourcecode.c.objc; name = "UIView+EzFrame.m"; path = "Category/UIView+EzFrame.m"; sourceTree = "<group>"; };
		07844FC61B5A20CB00F19901 /* Macros.h */ = {isa = PBXFileReference; lastKnownFileType = sourcecode.c.h; path = Macros.h; sourceTree = "<group>"; };
		078F75B21B7B962E0048C49F /* ObjC-Weibo.h */ = {isa = PBXFileReference; lastKnownFileType = sourcecode.c.h; path = "ObjC-Weibo.h"; sourceTree = "<group>"; };
		078F75B31B7B971E0048C49F /* OAuthViewController.h */ = {isa = PBXFileReference; fileEncoding = 4; lastKnownFileType = sourcecode.c.h; name = OAuthViewController.h; path = "ObjC-Weibo/OAuth/Controllers/OAuthViewController.h"; sourceTree = SOURCE_ROOT; };
		078F75B41B7B971E0048C49F /* OAuthViewController.m */ = {isa = PBXFileReference; fileEncoding = 4; lastKnownFileType = sourcecode.c.objc; name = OAuthViewController.m; path = "ObjC-Weibo/OAuth/Controllers/OAuthViewController.m"; sourceTree = SOURCE_ROOT; };
		07B5FBCC1B7E26CB00C6603C /* Account.h */ = {isa = PBXFileReference; fileEncoding = 4; lastKnownFileType = sourcecode.c.h; name = Account.h; path = "ObjC-Weibo/OAuth/Models/Account.h"; sourceTree = SOURCE_ROOT; };
		07B5FBCD1B7E26CB00C6603C /* Account.m */ = {isa = PBXFileReference; fileEncoding = 4; lastKnownFileType = sourcecode.c.objc; name = Account.m; path = "ObjC-Weibo/OAuth/Models/Account.m"; sourceTree = SOURCE_ROOT; };
		07B5FBD11B7E355E00C6603C /* MBProgressHUD+EzHUD.h */ = {isa = PBXFileReference; fileEncoding = 4; lastKnownFileType = sourcecode.c.h; path = "MBProgressHUD+EzHUD.h"; sourceTree = "<group>"; };
		07B5FBD21B7E355E00C6603C /* MBProgressHUD+EzHUD.m */ = {isa = PBXFileReference; fileEncoding = 4; lastKnownFileType = sourcecode.c.objc; path = "MBProgressHUD+EzHUD.m"; sourceTree = "<group>"; };
		07B5FBD41B7E360D00C6603C /* MBProgressHUD.bundle */ = {isa = PBXFileReference; lastKnownFileType = "wrapper.plug-in"; path = MBProgressHUD.bundle; sourceTree = "<group>"; };
		07B5FBD71B7E3B3E00C6603C /* AccountTools.h */ = {isa = PBXFileReference; fileEncoding = 4; lastKnownFileType = sourcecode.c.h; name = AccountTools.h; path = "ObjC-Weibo/OAuth/Tools/AccountTools.h"; sourceTree = SOURCE_ROOT; };
		07B5FBD81B7E3B3E00C6603C /* AccountTools.m */ = {isa = PBXFileReference; fileEncoding = 4; lastKnownFileType = sourcecode.c.objc; name = AccountTools.m; path = "ObjC-Weibo/OAuth/Tools/AccountTools.m"; sourceTree = SOURCE_ROOT; };
		07B5FBDD1B7E45B900C6603C /* UIWindow+Extension.h */ = {isa = PBXFileReference; fileEncoding = 4; lastKnownFileType = sourcecode.c.h; name = "UIWindow+Extension.h"; path = "Category/UIWindow+Extension.h"; sourceTree = "<group>"; };
		07B5FBDE1B7E45B900C6603C /* UIWindow+Extension.m */ = {isa = PBXFileReference; fileEncoding = 4; lastKnownFileType = sourcecode.c.objc; name = "UIWindow+Extension.m"; path = "Category/UIWindow+Extension.m"; sourceTree = "<group>"; };
		07F1D12D1B5BBCF400DABF11 /* DJHomeVCTitleButton.h */ = {isa = PBXFileReference; fileEncoding = 4; lastKnownFileType = sourcecode.c.h; path = DJHomeVCTitleButton.h; sourceTree = "<group>"; };
		07F1D12E1B5BBCF400DABF11 /* DJHomeVCTitleButton.m */ = {isa = PBXFileReference; fileEncoding = 4; lastKnownFileType = sourcecode.c.objc; path = DJHomeVCTitleButton.m; sourceTree = "<group>"; };
		07F1D1301B5BD9C300DABF11 /* DropdownView.h */ = {isa = PBXFileReference; fileEncoding = 4; lastKnownFileType = sourcecode.c.h; path = DropdownView.h; sourceTree = "<group>"; };
		07F1D1311B5BD9C300DABF11 /* DropdownView.m */ = {isa = PBXFileReference; fileEncoding = 4; lastKnownFileType = sourcecode.c.objc; path = DropdownView.m; sourceTree = "<group>"; };
		07F1D13B1B5BDC6F00DABF11 /* NewFeatureViewController.h */ = {isa = PBXFileReference; fileEncoding = 4; lastKnownFileType = sourcecode.c.h; name = NewFeatureViewController.h; path = Controllers/NewFeatureViewController.h; sourceTree = "<group>"; };
		07F1D13C1B5BDC6F00DABF11 /* NewFeatureViewController.m */ = {isa = PBXFileReference; fileEncoding = 4; lastKnownFileType = sourcecode.c.objc; name = NewFeatureViewController.m; path = Controllers/NewFeatureViewController.m; sourceTree = "<group>"; };
/* End PBXFileReference section */

/* Begin PBXFrameworksBuildPhase section */
		07604D571B594321003129FB /* Frameworks */ = {
			isa = PBXFrameworksBuildPhase;
			buildActionMask = 2147483647;
			files = (
			);
			runOnlyForDeploymentPostprocessing = 0;
		};
		07604D701B594321003129FB /* Frameworks */ = {
			isa = PBXFrameworksBuildPhase;
			buildActionMask = 2147483647;
			files = (
			);
			runOnlyForDeploymentPostprocessing = 0;
		};
/* End PBXFrameworksBuildPhase section */

/* Begin PBXGroup section */
		0706076F1B7E14F100B715E9 /* Libraries */ = {
			isa = PBXGroup;
			children = (
				0726D5811B7F30A600B928C7 /* MJRefresh */,
				0726D5611B7F303600B928C7 /* MJExtension */,
				070607701B7E14F100B715E9 /* AFNetworking */,
				070607991B7E14F100B715E9 /* MBProgressHUD */,
				070607E31B7E14F100B715E9 /* PureLayout */,
				070607EE1B7E14F200B715E9 /* SDWebImage */,
			);
			path = Libraries;
			sourceTree = "<group>";
		};
		070607701B7E14F100B715E9 /* AFNetworking */ = {
			isa = PBXGroup;
			children = (
				070607711B7E14F100B715E9 /* AFNetworking */,
				070607871B7E14F100B715E9 /* UIKit+AFNetworking */,
			);
			path = AFNetworking;
			sourceTree = "<group>";
		};
		070607711B7E14F100B715E9 /* AFNetworking */ = {
			isa = PBXGroup;
			children = (
				070607721B7E14F100B715E9 /* AFHTTPRequestOperation.h */,
				070607731B7E14F100B715E9 /* AFHTTPRequestOperation.m */,
				070607741B7E14F100B715E9 /* AFHTTPRequestOperationManager.h */,
				070607751B7E14F100B715E9 /* AFHTTPRequestOperationManager.m */,
				070607761B7E14F100B715E9 /* AFHTTPSessionManager.h */,
				070607771B7E14F100B715E9 /* AFHTTPSessionManager.m */,
				070607781B7E14F100B715E9 /* AFNetworking.h */,
				070607791B7E14F100B715E9 /* AFNetworkReachabilityManager.h */,
				0706077A1B7E14F100B715E9 /* AFNetworkReachabilityManager.m */,
				0706077B1B7E14F100B715E9 /* AFSecurityPolicy.h */,
				0706077C1B7E14F100B715E9 /* AFSecurityPolicy.m */,
				0706077D1B7E14F100B715E9 /* AFURLConnectionOperation.h */,
				0706077E1B7E14F100B715E9 /* AFURLConnectionOperation.m */,
				0706077F1B7E14F100B715E9 /* AFURLRequestSerialization.h */,
				070607801B7E14F100B715E9 /* AFURLRequestSerialization.m */,
				070607811B7E14F100B715E9 /* AFURLResponseSerialization.h */,
				070607821B7E14F100B715E9 /* AFURLResponseSerialization.m */,
				070607831B7E14F100B715E9 /* AFURLSessionManager.h */,
				070607841B7E14F100B715E9 /* AFURLSessionManager.m */,
			);
			path = AFNetworking;
			sourceTree = "<group>";
		};
		070607871B7E14F100B715E9 /* UIKit+AFNetworking */ = {
			isa = PBXGroup;
			children = (
				070607881B7E14F100B715E9 /* AFNetworkActivityIndicatorManager.h */,
				070607891B7E14F100B715E9 /* AFNetworkActivityIndicatorManager.m */,
				0706078A1B7E14F100B715E9 /* UIActivityIndicatorView+AFNetworking.h */,
				0706078B1B7E14F100B715E9 /* UIActivityIndicatorView+AFNetworking.m */,
				0706078C1B7E14F100B715E9 /* UIAlertView+AFNetworking.h */,
				0706078D1B7E14F100B715E9 /* UIAlertView+AFNetworking.m */,
				0706078E1B7E14F100B715E9 /* UIButton+AFNetworking.h */,
				0706078F1B7E14F100B715E9 /* UIButton+AFNetworking.m */,
				070607901B7E14F100B715E9 /* UIImageView+AFNetworking.h */,
				070607911B7E14F100B715E9 /* UIImageView+AFNetworking.m */,
				070607921B7E14F100B715E9 /* UIKit+AFNetworking.h */,
				070607931B7E14F100B715E9 /* UIProgressView+AFNetworking.h */,
				070607941B7E14F100B715E9 /* UIProgressView+AFNetworking.m */,
				070607951B7E14F100B715E9 /* UIRefreshControl+AFNetworking.h */,
				070607961B7E14F100B715E9 /* UIRefreshControl+AFNetworking.m */,
				070607971B7E14F100B715E9 /* UIWebView+AFNetworking.h */,
				070607981B7E14F100B715E9 /* UIWebView+AFNetworking.m */,
			);
			path = "UIKit+AFNetworking";
			sourceTree = "<group>";
		};
		070607991B7E14F100B715E9 /* MBProgressHUD */ = {
			isa = PBXGroup;
			children = (
				07B5FBD41B7E360D00C6603C /* MBProgressHUD.bundle */,
				0706079B1B7E14F100B715E9 /* MBProgressHUD.h */,
				0706079C1B7E14F100B715E9 /* MBProgressHUD.m */,
				07B5FBD11B7E355E00C6603C /* MBProgressHUD+EzHUD.h */,
				07B5FBD21B7E355E00C6603C /* MBProgressHUD+EzHUD.m */,
			);
			path = MBProgressHUD;
			sourceTree = "<group>";
		};
		070607E31B7E14F100B715E9 /* PureLayout */ = {
			isa = PBXGroup;
			children = (
				070607E41B7E14F100B715E9 /* ALView+PureLayout.h */,
				070607E51B7E14F100B715E9 /* ALView+PureLayout.m */,
				070607E61B7E14F200B715E9 /* NSArray+PureLayout.h */,
				070607E71B7E14F200B715E9 /* NSArray+PureLayout.m */,
				070607E81B7E14F200B715E9 /* NSLayoutConstraint+PureLayout.h */,
				070607E91B7E14F200B715E9 /* NSLayoutConstraint+PureLayout.m */,
				070607EA1B7E14F200B715E9 /* PureLayout+Internal.h */,
				070607EB1B7E14F200B715E9 /* PureLayout.h */,
				070607EC1B7E14F200B715E9 /* PureLayoutDefines.h */,
			);
			path = PureLayout;
			sourceTree = "<group>";
		};
		070607EE1B7E14F200B715E9 /* SDWebImage */ = {
			isa = PBXGroup;
			children = (
				070607F11B7E14F200B715E9 /* SDWebImage */,
			);
			path = SDWebImage;
			sourceTree = "<group>";
		};
		070607F11B7E14F200B715E9 /* SDWebImage */ = {
			isa = PBXGroup;
			children = (
				070607F21B7E14F200B715E9 /* NSData+ImageContentType.h */,
				070607F31B7E14F200B715E9 /* NSData+ImageContentType.m */,
				070607F41B7E14F200B715E9 /* SDImageCache.h */,
				070607F51B7E14F200B715E9 /* SDImageCache.m */,
				070607F61B7E14F200B715E9 /* SDWebImageCompat.h */,
				070607F71B7E14F200B715E9 /* SDWebImageCompat.m */,
				070607F81B7E14F200B715E9 /* SDWebImageDecoder.h */,
				070607F91B7E14F200B715E9 /* SDWebImageDecoder.m */,
				070607FA1B7E14F200B715E9 /* SDWebImageDownloader.h */,
				070607FB1B7E14F200B715E9 /* SDWebImageDownloader.m */,
				070607FC1B7E14F200B715E9 /* SDWebImageDownloaderOperation.h */,
				070607FD1B7E14F200B715E9 /* SDWebImageDownloaderOperation.m */,
				070607FE1B7E14F200B715E9 /* SDWebImageManager.h */,
				070607FF1B7E14F200B715E9 /* SDWebImageManager.m */,
				070608001B7E14F200B715E9 /* SDWebImageOperation.h */,
				070608011B7E14F200B715E9 /* SDWebImagePrefetcher.h */,
				070608021B7E14F200B715E9 /* SDWebImagePrefetcher.m */,
				070608031B7E14F200B715E9 /* UIButton+WebCache.h */,
				070608041B7E14F200B715E9 /* UIButton+WebCache.m */,
				070608051B7E14F200B715E9 /* UIImage+GIF.h */,
				070608061B7E14F200B715E9 /* UIImage+GIF.m */,
				070608071B7E14F200B715E9 /* UIImage+MultiFormat.h */,
				070608081B7E14F200B715E9 /* UIImage+MultiFormat.m */,
				070608091B7E14F200B715E9 /* UIImageView+HighlightedWebCache.h */,
				0706080A1B7E14F200B715E9 /* UIImageView+HighlightedWebCache.m */,
				0706080B1B7E14F200B715E9 /* UIImageView+WebCache.h */,
				0706080C1B7E14F200B715E9 /* UIImageView+WebCache.m */,
				0706080D1B7E14F200B715E9 /* UIView+WebCacheOperation.h */,
				0706080E1B7E14F200B715E9 /* UIView+WebCacheOperation.m */,
			);
			path = SDWebImage;
			sourceTree = "<group>";
		};
		0726D55A1B7F29F000B928C7 /* Models */ = {
			isa = PBXGroup;
			children = (
				0726D55B1B7F29F000B928C7 /* Status.h */,
				0726D55C1B7F29F000B928C7 /* Status.m */,
				0726D55D1B7F29F000B928C7 /* User.h */,
				0726D55E1B7F29F000B928C7 /* User.m */,
			);
			path = Models;
			sourceTree = "<group>";
		};
		0726D5611B7F303600B928C7 /* MJExtension */ = {
			isa = PBXGroup;
			children = (
				0726D5621B7F303600B928C7 /* MJExtension.h */,
				0726D5631B7F303600B928C7 /* MJExtensionConst.h */,
				0726D5641B7F303600B928C7 /* MJExtensionConst.m */,
				0726D5651B7F303600B928C7 /* MJFoundation.h */,
				0726D5661B7F303600B928C7 /* MJFoundation.m */,
				0726D5671B7F303600B928C7 /* MJProperty.h */,
				0726D5681B7F303600B928C7 /* MJProperty.m */,
				0726D5691B7F303600B928C7 /* MJPropertyKey.h */,
				0726D56A1B7F303600B928C7 /* MJPropertyKey.m */,
				0726D56B1B7F303600B928C7 /* MJPropertyType.h */,
				0726D56C1B7F303600B928C7 /* MJPropertyType.m */,
				0726D56D1B7F303600B928C7 /* NSObject+MJClass.h */,
				0726D56E1B7F303600B928C7 /* NSObject+MJClass.m */,
				0726D56F1B7F303600B928C7 /* NSObject+MJCoding.h */,
				0726D5701B7F303600B928C7 /* NSObject+MJCoding.m */,
				0726D5711B7F303600B928C7 /* NSObject+MJKeyValue.h */,
				0726D5721B7F303600B928C7 /* NSObject+MJKeyValue.m */,
				0726D5731B7F303600B928C7 /* NSObject+MJProperty.h */,
				0726D5741B7F303600B928C7 /* NSObject+MJProperty.m */,
				0726D5751B7F303600B928C7 /* NSString+MJExtension.h */,
				0726D5761B7F303600B928C7 /* NSString+MJExtension.m */,
			);
			path = MJExtension;
			sourceTree = "<group>";
		};
		0726D5811B7F30A600B928C7 /* MJRefresh */ = {
			isa = PBXGroup;
			children = (
				0726D5821B7F30A600B928C7 /* Base */,
				0726D58D1B7F30A600B928C7 /* Custom */,
				0726D5A41B7F30A600B928C7 /* MJRefresh.bundle */,
				0726D5A51B7F30A600B928C7 /* MJRefresh.h */,
				0726D5A61B7F30A600B928C7 /* MJRefreshConst.h */,
				0726D5A71B7F30A600B928C7 /* MJRefreshConst.m */,
				0726D5A81B7F30A600B928C7 /* UIScrollView+MJExtension.h */,
				0726D5A91B7F30A600B928C7 /* UIScrollView+MJExtension.m */,
				0726D5AA1B7F30A600B928C7 /* UIScrollView+MJRefresh.h */,
				0726D5AB1B7F30A600B928C7 /* UIScrollView+MJRefresh.m */,
				0726D5AC1B7F30A600B928C7 /* UIView+MJExtension.h */,
				0726D5AD1B7F30A600B928C7 /* UIView+MJExtension.m */,
			);
			path = MJRefresh;
			sourceTree = "<group>";
		};
		0726D5821B7F30A600B928C7 /* Base */ = {
			isa = PBXGroup;
			children = (
				0726D5831B7F30A600B928C7 /* MJRefreshAutoFooter.h */,
				0726D5841B7F30A600B928C7 /* MJRefreshAutoFooter.m */,
				0726D5851B7F30A600B928C7 /* MJRefreshBackFooter.h */,
				0726D5861B7F30A600B928C7 /* MJRefreshBackFooter.m */,
				0726D5871B7F30A600B928C7 /* MJRefreshComponent.h */,
				0726D5881B7F30A600B928C7 /* MJRefreshComponent.m */,
				0726D5891B7F30A600B928C7 /* MJRefreshFooter.h */,
				0726D58A1B7F30A600B928C7 /* MJRefreshFooter.m */,
				0726D58B1B7F30A600B928C7 /* MJRefreshHeader.h */,
				0726D58C1B7F30A600B928C7 /* MJRefreshHeader.m */,
			);
			path = Base;
			sourceTree = "<group>";
		};
		0726D58D1B7F30A600B928C7 /* Custom */ = {
			isa = PBXGroup;
			children = (
				0726D58E1B7F30A600B928C7 /* Footer */,
				0726D59D1B7F30A600B928C7 /* Header */,
			);
			path = Custom;
			sourceTree = "<group>";
		};
		0726D58E1B7F30A600B928C7 /* Footer */ = {
			isa = PBXGroup;
			children = (
				0726D58F1B7F30A600B928C7 /* Auto */,
				0726D5961B7F30A600B928C7 /* Back */,
			);
			path = Footer;
			sourceTree = "<group>";
		};
		0726D58F1B7F30A600B928C7 /* Auto */ = {
			isa = PBXGroup;
			children = (
				0726D5901B7F30A600B928C7 /* MJRefreshAutoGifFooter.h */,
				0726D5911B7F30A600B928C7 /* MJRefreshAutoGifFooter.m */,
				0726D5921B7F30A600B928C7 /* MJRefreshAutoNormalFooter.h */,
				0726D5931B7F30A600B928C7 /* MJRefreshAutoNormalFooter.m */,
				0726D5941B7F30A600B928C7 /* MJRefreshAutoStateFooter.h */,
				0726D5951B7F30A600B928C7 /* MJRefreshAutoStateFooter.m */,
			);
			path = Auto;
			sourceTree = "<group>";
		};
		0726D5961B7F30A600B928C7 /* Back */ = {
			isa = PBXGroup;
			children = (
				0726D5971B7F30A600B928C7 /* MJRefreshBackGifFooter.h */,
				0726D5981B7F30A600B928C7 /* MJRefreshBackGifFooter.m */,
				0726D5991B7F30A600B928C7 /* MJRefreshBackNormalFooter.h */,
				0726D59A1B7F30A600B928C7 /* MJRefreshBackNormalFooter.m */,
				0726D59B1B7F30A600B928C7 /* MJRefreshBackStateFooter.h */,
				0726D59C1B7F30A600B928C7 /* MJRefreshBackStateFooter.m */,
			);
			path = Back;
			sourceTree = "<group>";
		};
		0726D59D1B7F30A600B928C7 /* Header */ = {
			isa = PBXGroup;
			children = (
				0726D59E1B7F30A600B928C7 /* MJRefreshGifHeader.h */,
				0726D59F1B7F30A600B928C7 /* MJRefreshGifHeader.m */,
				0726D5A01B7F30A600B928C7 /* MJRefreshNormalHeader.h */,
				0726D5A11B7F30A600B928C7 /* MJRefreshNormalHeader.m */,
				0726D5A21B7F30A600B928C7 /* MJRefreshStateHeader.h */,
				0726D5A31B7F30A600B928C7 /* MJRefreshStateHeader.m */,
			);
			path = Header;
			sourceTree = "<group>";
		};
		074146001B5A481900638844 /* Custom */ = {
			isa = PBXGroup;
			children = (
				074146011B5A481900638844 /* DJNavigationController.h */,
				074146021B5A481900638844 /* DJNavigationController.m */,
				074146031B5A481900638844 /* DJTabBar.h */,
				074146041B5A481900638844 /* DJTabBar.m */,
				07F1D12D1B5BBCF400DABF11 /* DJHomeVCTitleButton.h */,
				07F1D12E1B5BBCF400DABF11 /* DJHomeVCTitleButton.m */,
				07F1D1301B5BD9C300DABF11 /* DropdownView.h */,
				07F1D1311B5BD9C300DABF11 /* DropdownView.m */,
			);
			path = Custom;
			sourceTree = "<group>";
		};
		07604D511B594321003129FB = {
			isa = PBXGroup;
			children = (
				07604D5C1B594321003129FB /* ObjC-Weibo */,
				07604D761B594321003129FB /* ObjC-WeiboTests */,
				07604D5B1B594321003129FB /* Products */,
			);
			sourceTree = "<group>";
		};
		07604D5B1B594321003129FB /* Products */ = {
			isa = PBXGroup;
			children = (
				07604D5A1B594321003129FB /* ObjC-Weibo.app */,
				07604D731B594321003129FB /* ObjC-WeiboTests.xctest */,
			);
			name = Products;
			sourceTree = "<group>";
		};
		07604D5C1B594321003129FB /* ObjC-Weibo */ = {
			isa = PBXGroup;
			children = (
				0706076F1B7E14F100B715E9 /* Libraries */,
				07604DA61B594437003129FB /* Root */,
				07F1D1361B5BDB0300DABF11 /* NewFeature */,
				078F75B61B7B972A0048C49F /* OAuth */,
				07604D9A1B594437003129FB /* Home */,
				07604D9E1B594437003129FB /* Message */,
				07604D961B594437003129FB /* Discover */,
				07604DA21B594437003129FB /* Profile */,
				07604D5D1B594321003129FB /* Supporting Files */,
			);
			path = "ObjC-Weibo";
			sourceTree = "<group>";
		};
		07604D5D1B594321003129FB /* Supporting Files */ = {
			isa = PBXGroup;
			children = (
				07604D611B594321003129FB /* AppDelegate.h */,
				07604D621B594321003129FB /* AppDelegate.m */,
				07604D6A1B594321003129FB /* Images.xcassets */,
				07604D6C1B594321003129FB /* LaunchScreen.xib */,
				07604D5E1B594321003129FB /* Info.plist */,
				07604D5F1B594321003129FB /* main.m */,
			);
			name = "Supporting Files";
			sourceTree = "<group>";
		};
		07604D761B594321003129FB /* ObjC-WeiboTests */ = {
			isa = PBXGroup;
			children = (
				07604D791B594321003129FB /* ObjC_WeiboTests.m */,
				07604D771B594321003129FB /* Supporting Files */,
			);
			path = "ObjC-WeiboTests";
			sourceTree = "<group>";
		};
		07604D771B594321003129FB /* Supporting Files */ = {
			isa = PBXGroup;
			children = (
				07604D781B594321003129FB /* Info.plist */,
			);
			name = "Supporting Files";
			sourceTree = "<group>";
		};
		07604D961B594437003129FB /* Discover */ = {
			isa = PBXGroup;
			children = (
				07604D971B594437003129FB /* Controllers */,
			);
			path = Discover;
			sourceTree = "<group>";
		};
		07604D971B594437003129FB /* Controllers */ = {
			isa = PBXGroup;
			children = (
				07604D981B594437003129FB /* DiscoverViewController.h */,
				07604D991B594437003129FB /* DiscoverViewController.m */,
			);
			path = Controllers;
			sourceTree = "<group>";
		};
		07604D9A1B594437003129FB /* Home */ = {
			isa = PBXGroup;
			children = (
				07604D9B1B594437003129FB /* Controllers */,
				0726D55A1B7F29F000B928C7 /* Models */,
			);
			path = Home;
			sourceTree = "<group>";
		};
		07604D9B1B594437003129FB /* Controllers */ = {
			isa = PBXGroup;
			children = (
				07604D9C1B594437003129FB /* HomeViewController.h */,
				07604D9D1B594437003129FB /* HomeViewController.m */,
			);
			path = Controllers;
			sourceTree = "<group>";
		};
		07604D9E1B594437003129FB /* Message */ = {
			isa = PBXGroup;
			children = (
				07604D9F1B594437003129FB /* Controllers */,
			);
			path = Message;
			sourceTree = "<group>";
		};
		07604D9F1B594437003129FB /* Controllers */ = {
			isa = PBXGroup;
			children = (
				07604DA01B594437003129FB /* MessageViewController.h */,
				07604DA11B594437003129FB /* MessageViewController.m */,
			);
			path = Controllers;
			sourceTree = "<group>";
		};
		07604DA21B594437003129FB /* Profile */ = {
			isa = PBXGroup;
			children = (
				07604DA31B594437003129FB /* Controllers */,
			);
			path = Profile;
			sourceTree = "<group>";
		};
		07604DA31B594437003129FB /* Controllers */ = {
			isa = PBXGroup;
			children = (
				07604DA41B594437003129FB /* ProfileViewController.h */,
				07604DA51B594437003129FB /* ProfileViewController.m */,
			);
			path = Controllers;
			sourceTree = "<group>";
		};
		07604DA61B594437003129FB /* Root */ = {
			isa = PBXGroup;
			children = (
				07844FC61B5A20CB00F19901 /* Macros.h */,
				078F75B21B7B962E0048C49F /* ObjC-Weibo.h */,
				07844FC51B5A1F3900F19901 /* Category */,
				074146001B5A481900638844 /* Custom */,
				07604DA71B594437003129FB /* Controllers */,
			);
			path = Root;
			sourceTree = "<group>";
		};
		07604DA71B594437003129FB /* Controllers */ = {
			isa = PBXGroup;
			children = (
				07604DA81B594437003129FB /* RootViewController.h */,
				07604DA91B594437003129FB /* RootViewController.m */,
			);
			path = Controllers;
			sourceTree = "<group>";
		};
		07844FC51B5A1F3900F19901 /* Category */ = {
			isa = PBXGroup;
			children = (
				07844FC21B5A1F3400F19901 /* UIView+EzFrame.h */,
				07844FC31B5A1F3400F19901 /* UIView+EzFrame.m */,
				0741460B1B5A4C3800638844 /* UIBarButtonItem+EzInit.h */,
				0741460C1B5A4C3800638844 /* UIBarButtonItem+EzInit.m */,
				07B5FBDD1B7E45B900C6603C /* UIWindow+Extension.h */,
				07B5FBDE1B7E45B900C6603C /* UIWindow+Extension.m */,
			);
			name = Category;
			sourceTree = "<group>";
		};
		078F75B61B7B972A0048C49F /* OAuth */ = {
			isa = PBXGroup;
			children = (
				07B5FBCB1B7E269D00C6603C /* Controllers */,
				07B5FBCF1B7E26D200C6603C /* Models */,
				07B5FBD61B7E3B2100C6603C /* Tools */,
			);
			name = OAuth;
			path = NewFeature;
			sourceTree = "<group>";
		};
		07B5FBCB1B7E269D00C6603C /* Controllers */ = {
			isa = PBXGroup;
			children = (
				078F75B31B7B971E0048C49F /* OAuthViewController.h */,
				078F75B41B7B971E0048C49F /* OAuthViewController.m */,
			);
			name = Controllers;
			sourceTree = "<group>";
		};
		07B5FBCF1B7E26D200C6603C /* Models */ = {
			isa = PBXGroup;
			children = (
				07B5FBCC1B7E26CB00C6603C /* Account.h */,
				07B5FBCD1B7E26CB00C6603C /* Account.m */,
			);
			name = Models;
			sourceTree = "<group>";
		};
		07B5FBD61B7E3B2100C6603C /* Tools */ = {
			isa = PBXGroup;
			children = (
				07B5FBD71B7E3B3E00C6603C /* AccountTools.h */,
				07B5FBD81B7E3B3E00C6603C /* AccountTools.m */,
			);
			path = Tools;
			sourceTree = "<group>";
		};
		07F1D1361B5BDB0300DABF11 /* NewFeature */ = {
			isa = PBXGroup;
			children = (
				07F1D13E1B5BDC7300DABF11 /* Controllers */,
			);
			path = NewFeature;
			sourceTree = "<group>";
		};
		07F1D13E1B5BDC7300DABF11 /* Controllers */ = {
			isa = PBXGroup;
			children = (
				07F1D13B1B5BDC6F00DABF11 /* NewFeatureViewController.h */,
				07F1D13C1B5BDC6F00DABF11 /* NewFeatureViewController.m */,
			);
			name = Controllers;
			sourceTree = "<group>";
		};
/* End PBXGroup section */

/* Begin PBXNativeTarget section */
		07604D591B594321003129FB /* ObjC-Weibo */ = {
			isa = PBXNativeTarget;
			buildConfigurationList = 07604D7D1B594321003129FB /* Build configuration list for PBXNativeTarget "ObjC-Weibo" */;
			buildPhases = (
				07604D561B594321003129FB /* Sources */,
				07604D571B594321003129FB /* Frameworks */,
				07604D581B594321003129FB /* Resources */,
			);
			buildRules = (
			);
			dependencies = (
			);
			name = "ObjC-Weibo";
			productName = "ObjC-Weibo";
			productReference = 07604D5A1B594321003129FB /* ObjC-Weibo.app */;
			productType = "com.apple.product-type.application";
		};
		07604D721B594321003129FB /* ObjC-WeiboTests */ = {
			isa = PBXNativeTarget;
			buildConfigurationList = 07604D801B594321003129FB /* Build configuration list for PBXNativeTarget "ObjC-WeiboTests" */;
			buildPhases = (
				07604D6F1B594321003129FB /* Sources */,
				07604D701B594321003129FB /* Frameworks */,
				07604D711B594321003129FB /* Resources */,
			);
			buildRules = (
			);
			dependencies = (
				07604D751B594321003129FB /* PBXTargetDependency */,
			);
			name = "ObjC-WeiboTests";
			productName = "ObjC-WeiboTests";
			productReference = 07604D731B594321003129FB /* ObjC-WeiboTests.xctest */;
			productType = "com.apple.product-type.bundle.unit-test";
		};
/* End PBXNativeTarget section */

/* Begin PBXProject section */
		07604D521B594321003129FB /* Project object */ = {
			isa = PBXProject;
			attributes = {
				LastUpgradeCheck = 0640;
				ORGANIZATIONNAME = "Dianyi Jiang";
				TargetAttributes = {
					07604D591B594321003129FB = {
						CreatedOnToolsVersion = 6.4;
					};
					07604D721B594321003129FB = {
						CreatedOnToolsVersion = 6.4;
						TestTargetID = 07604D591B594321003129FB;
					};
				};
			};
			buildConfigurationList = 07604D551B594321003129FB /* Build configuration list for PBXProject "ObjC-Weibo" */;
			compatibilityVersion = "Xcode 3.2";
			developmentRegion = English;
			hasScannedForEncodings = 0;
			knownRegions = (
				en,
				Base,
			);
			mainGroup = 07604D511B594321003129FB;
			productRefGroup = 07604D5B1B594321003129FB /* Products */;
			projectDirPath = "";
			projectRoot = "";
			targets = (
				07604D591B594321003129FB /* ObjC-Weibo */,
				07604D721B594321003129FB /* ObjC-WeiboTests */,
			);
		};
/* End PBXProject section */

/* Begin PBXResourcesBuildPhase section */
		07604D581B594321003129FB /* Resources */ = {
			isa = PBXResourcesBuildPhase;
			buildActionMask = 2147483647;
			files = (
				07B5FBD51B7E360D00C6603C /* MBProgressHUD.bundle in Resources */,
				07604D6E1B594321003129FB /* LaunchScreen.xib in Resources */,
				0726D5BC1B7F30A600B928C7 /* MJRefresh.bundle in Resources */,
				07604D6B1B594321003129FB /* Images.xcassets in Resources */,
			);
			runOnlyForDeploymentPostprocessing = 0;
		};
		07604D711B594321003129FB /* Resources */ = {
			isa = PBXResourcesBuildPhase;
			buildActionMask = 2147483647;
			files = (
			);
			runOnlyForDeploymentPostprocessing = 0;
		};
/* End PBXResourcesBuildPhase section */

/* Begin PBXSourcesBuildPhase section */
		07604D561B594321003129FB /* Sources */ = {
			isa = PBXSourcesBuildPhase;
			buildActionMask = 2147483647;
			files = (
				070608531B7E14F200B715E9 /* UIImage+GIF.m in Sources */,
				0726D5781B7F303600B928C7 /* MJFoundation.m in Sources */,
				0726D5B81B7F30A600B928C7 /* MJRefreshBackStateFooter.m in Sources */,
				07844FC41B5A1F3400F19901 /* UIView+EzFrame.m in Sources */,
				0706081E1B7E14F200B715E9 /* UIImageView+AFNetworking.m in Sources */,
				0726D5B31B7F30A600B928C7 /* MJRefreshAutoGifFooter.m in Sources */,
				0726D5601B7F29F000B928C7 /* User.m in Sources */,
				0706084F1B7E14F200B715E9 /* SDWebImageDownloaderOperation.m in Sources */,
				070608201B7E14F200B715E9 /* UIRefreshControl+AFNetworking.m in Sources */,
				0726D57A1B7F303600B928C7 /* MJPropertyKey.m in Sources */,
				074146051B5A481900638844 /* DJNavigationController.m in Sources */,
				070608521B7E14F200B715E9 /* UIButton+WebCache.m in Sources */,
				0726D5B61B7F30A600B928C7 /* MJRefreshBackGifFooter.m in Sources */,
				07F1D13D1B5BDC6F00DABF11 /* NewFeatureViewController.m in Sources */,
				070608211B7E14F200B715E9 /* UIWebView+AFNetworking.m in Sources */,
				0726D5AF1B7F30A600B928C7 /* MJRefreshBackFooter.m in Sources */,
				070608551B7E14F200B715E9 /* UIImageView+HighlightedWebCache.m in Sources */,
				070608111B7E14F200B715E9 /* AFHTTPSessionManager.m in Sources */,
				0706084A1B7E14F200B715E9 /* NSData+ImageContentType.m in Sources */,
				070608231B7E14F200B715E9 /* MBProgressHUD.m in Sources */,
				07F1D12F1B5BBCF400DABF11 /* DJHomeVCTitleButton.m in Sources */,
				0726D57B1B7F303600B928C7 /* MJPropertyType.m in Sources */,
				0726D5BB1B7F30A600B928C7 /* MJRefreshStateHeader.m in Sources */,
				0726D57C1B7F303600B928C7 /* NSObject+MJClass.m in Sources */,
				070608121B7E14F200B715E9 /* AFNetworkReachabilityManager.m in Sources */,
				070608451B7E14F200B715E9 /* NSArray+PureLayout.m in Sources */,
				070608441B7E14F200B715E9 /* ALView+PureLayout.m in Sources */,
				0726D5BA1B7F30A600B928C7 /* MJRefreshNormalHeader.m in Sources */,
				070608541B7E14F200B715E9 /* UIImage+MultiFormat.m in Sources */,
				0726D5B11B7F30A600B928C7 /* MJRefreshFooter.m in Sources */,
				0706080F1B7E14F200B715E9 /* AFHTTPRequestOperation.m in Sources */,
				070608151B7E14F200B715E9 /* AFURLRequestSerialization.m in Sources */,
				0726D5BF1B7F30A600B928C7 /* UIScrollView+MJRefresh.m in Sources */,
				070608141B7E14F200B715E9 /* AFURLConnectionOperation.m in Sources */,
				070608571B7E14F200B715E9 /* UIView+WebCacheOperation.m in Sources */,
				070608171B7E14F200B715E9 /* AFURLSessionManager.m in Sources */,
				0706084C1B7E14F200B715E9 /* SDWebImageCompat.m in Sources */,
				070608511B7E14F200B715E9 /* SDWebImagePrefetcher.m in Sources */,
				0726D5B91B7F30A600B928C7 /* MJRefreshGifHeader.m in Sources */,
				0706081F1B7E14F200B715E9 /* UIProgressView+AFNetworking.m in Sources */,
				0726D5B01B7F30A600B928C7 /* MJRefreshComponent.m in Sources */,
				0726D5B71B7F30A600B928C7 /* MJRefreshBackNormalFooter.m in Sources */,
				0726D5791B7F303600B928C7 /* MJProperty.m in Sources */,
				0726D5BE1B7F30A600B928C7 /* UIScrollView+MJExtension.m in Sources */,
				0726D5BD1B7F30A600B928C7 /* MJRefreshConst.m in Sources */,
				070608501B7E14F200B715E9 /* SDWebImageManager.m in Sources */,
				0726D5801B7F303600B928C7 /* NSString+MJExtension.m in Sources */,
				07604D631B594321003129FB /* AppDelegate.m in Sources */,
				0706081D1B7E14F200B715E9 /* UIButton+AFNetworking.m in Sources */,
				070608561B7E14F200B715E9 /* UIImageView+WebCache.m in Sources */,
				07604DAE1B594437003129FB /* RootViewController.m in Sources */,
				0726D57D1B7F303600B928C7 /* NSObject+MJCoding.m in Sources */,
				07B5FBD91B7E3B3E00C6603C /* AccountTools.m in Sources */,
				0726D5771B7F303600B928C7 /* MJExtensionConst.m in Sources */,
				07B5FBCE1B7E26CB00C6603C /* Account.m in Sources */,
				0726D57E1B7F303600B928C7 /* NSObject+MJKeyValue.m in Sources */,
				07604DAC1B594437003129FB /* MessageViewController.m in Sources */,
				0706084E1B7E14F200B715E9 /* SDWebImageDownloader.m in Sources */,
				074146061B5A481900638844 /* DJTabBar.m in Sources */,
				07F1D1321B5BD9C300DABF11 /* DropdownView.m in Sources */,
				0726D5B41B7F30A600B928C7 /* MJRefreshAutoNormalFooter.m in Sources */,
				0706081C1B7E14F200B715E9 /* UIAlertView+AFNetworking.m in Sources */,
				07B5FBDF1B7E45B900C6603C /* UIWindow+Extension.m in Sources */,
				0706084D1B7E14F200B715E9 /* SDWebImageDecoder.m in Sources */,
				0726D5AE1B7F30A600B928C7 /* MJRefreshAutoFooter.m in Sources */,
				0726D55F1B7F29F000B928C7 /* Status.m in Sources */,
				078F75B51B7B971E0048C49F /* OAuthViewController.m in Sources */,
				07604DAA1B594437003129FB /* DiscoverViewController.m in Sources */,
				07604D601B594321003129FB /* main.m in Sources */,
				07604DAD1B594437003129FB /* ProfileViewController.m in Sources */,
				070608131B7E14F200B715E9 /* AFSecurityPolicy.m in Sources */,
				0726D5B51B7F30A600B928C7 /* MJRefreshAutoStateFooter.m in Sources */,
				07604DAB1B594437003129FB /* HomeViewController.m in Sources */,
				0706081A1B7E14F200B715E9 /* AFNetworkActivityIndicatorManager.m in Sources */,
				070608101B7E14F200B715E9 /* AFHTTPRequestOperationManager.m in Sources */,
				070608461B7E14F200B715E9 /* NSLayoutConstraint+PureLayout.m in Sources */,
				0706081B1B7E14F200B715E9 /* UIActivityIndicatorView+AFNetworking.m in Sources */,
				0741460D1B5A4C3800638844 /* UIBarButtonItem+EzInit.m in Sources */,
				0726D5B21B7F30A600B928C7 /* MJRefreshHeader.m in Sources */,
				0726D57F1B7F303600B928C7 /* NSObject+MJProperty.m in Sources */,
				0726D5C01B7F30A600B928C7 /* UIView+MJExtension.m in Sources */,
				07B5FBD31B7E355E00C6603C /* MBProgressHUD+EzHUD.m in Sources */,
				070608161B7E14F200B715E9 /* AFURLResponseSerialization.m in Sources */,
				0706084B1B7E14F200B715E9 /* SDImageCache.m in Sources */,
			);
			runOnlyForDeploymentPostprocessing = 0;
		};
		07604D6F1B594321003129FB /* Sources */ = {
			isa = PBXSourcesBuildPhase;
			buildActionMask = 2147483647;
			files = (
				07604D7A1B594321003129FB /* ObjC_WeiboTests.m in Sources */,
			);
			runOnlyForDeploymentPostprocessing = 0;
		};
/* End PBXSourcesBuildPhase section */

/* Begin PBXTargetDependency section */
		07604D751B594321003129FB /* PBXTargetDependency */ = {
			isa = PBXTargetDependency;
			target = 07604D591B594321003129FB /* ObjC-Weibo */;
			targetProxy = 07604D741B594321003129FB /* PBXContainerItemProxy */;
		};
/* End PBXTargetDependency section */

/* Begin PBXVariantGroup section */
		07604D6C1B594321003129FB /* LaunchScreen.xib */ = {
			isa = PBXVariantGroup;
			children = (
				07604D6D1B594321003129FB /* Base */,
			);
			name = LaunchScreen.xib;
			sourceTree = "<group>";
		};
/* End PBXVariantGroup section */

/* Begin XCBuildConfiguration section */
		07604D7B1B594321003129FB /* Debug */ = {
			isa = XCBuildConfiguration;
			buildSettings = {
				ALWAYS_SEARCH_USER_PATHS = NO;
				CLANG_CXX_LANGUAGE_STANDARD = "gnu++0x";
				CLANG_CXX_LIBRARY = "libc++";
				CLANG_ENABLE_MODULES = YES;
				CLANG_ENABLE_OBJC_ARC = YES;
				CLANG_WARN_BOOL_CONVERSION = YES;
				CLANG_WARN_CONSTANT_CONVERSION = YES;
				CLANG_WARN_DIRECT_OBJC_ISA_USAGE = YES_ERROR;
				CLANG_WARN_EMPTY_BODY = YES;
				CLANG_WARN_ENUM_CONVERSION = YES;
				CLANG_WARN_INT_CONVERSION = YES;
				CLANG_WARN_OBJC_ROOT_CLASS = YES_ERROR;
				CLANG_WARN_UNREACHABLE_CODE = YES;
				CLANG_WARN__DUPLICATE_METHOD_MATCH = YES;
				"CODE_SIGN_IDENTITY[sdk=iphoneos*]" = "iPhone Developer";
				COPY_PHASE_STRIP = NO;
				DEBUG_INFORMATION_FORMAT = "dwarf-with-dsym";
				ENABLE_STRICT_OBJC_MSGSEND = YES;
				GCC_C_LANGUAGE_STANDARD = gnu99;
				GCC_DYNAMIC_NO_PIC = NO;
				GCC_NO_COMMON_BLOCKS = YES;
				GCC_OPTIMIZATION_LEVEL = 0;
				GCC_PREPROCESSOR_DEFINITIONS = (
					"DEBUG=1",
					"$(inherited)",
				);
				GCC_SYMBOLS_PRIVATE_EXTERN = NO;
				GCC_WARN_64_TO_32_BIT_CONVERSION = YES;
				GCC_WARN_ABOUT_RETURN_TYPE = YES_ERROR;
				GCC_WARN_UNDECLARED_SELECTOR = YES;
				GCC_WARN_UNINITIALIZED_AUTOS = YES_AGGRESSIVE;
				GCC_WARN_UNUSED_FUNCTION = YES;
				GCC_WARN_UNUSED_VARIABLE = YES;
				IPHONEOS_DEPLOYMENT_TARGET = 8.4;
				MTL_ENABLE_DEBUG_INFO = YES;
				ONLY_ACTIVE_ARCH = YES;
				SDKROOT = iphoneos;
			};
			name = Debug;
		};
		07604D7C1B594321003129FB /* Release */ = {
			isa = XCBuildConfiguration;
			buildSettings = {
				ALWAYS_SEARCH_USER_PATHS = NO;
				CLANG_CXX_LANGUAGE_STANDARD = "gnu++0x";
				CLANG_CXX_LIBRARY = "libc++";
				CLANG_ENABLE_MODULES = YES;
				CLANG_ENABLE_OBJC_ARC = YES;
				CLANG_WARN_BOOL_CONVERSION = YES;
				CLANG_WARN_CONSTANT_CONVERSION = YES;
				CLANG_WARN_DIRECT_OBJC_ISA_USAGE = YES_ERROR;
				CLANG_WARN_EMPTY_BODY = YES;
				CLANG_WARN_ENUM_CONVERSION = YES;
				CLANG_WARN_INT_CONVERSION = YES;
				CLANG_WARN_OBJC_ROOT_CLASS = YES_ERROR;
				CLANG_WARN_UNREACHABLE_CODE = YES;
				CLANG_WARN__DUPLICATE_METHOD_MATCH = YES;
				"CODE_SIGN_IDENTITY[sdk=iphoneos*]" = "iPhone Developer";
				COPY_PHASE_STRIP = NO;
				DEBUG_INFORMATION_FORMAT = "dwarf-with-dsym";
				ENABLE_NS_ASSERTIONS = NO;
				ENABLE_STRICT_OBJC_MSGSEND = YES;
				GCC_C_LANGUAGE_STANDARD = gnu99;
				GCC_NO_COMMON_BLOCKS = YES;
				GCC_WARN_64_TO_32_BIT_CONVERSION = YES;
				GCC_WARN_ABOUT_RETURN_TYPE = YES_ERROR;
				GCC_WARN_UNDECLARED_SELECTOR = YES;
				GCC_WARN_UNINITIALIZED_AUTOS = YES_AGGRESSIVE;
				GCC_WARN_UNUSED_FUNCTION = YES;
				GCC_WARN_UNUSED_VARIABLE = YES;
				IPHONEOS_DEPLOYMENT_TARGET = 8.4;
				MTL_ENABLE_DEBUG_INFO = NO;
				SDKROOT = iphoneos;
				VALIDATE_PRODUCT = YES;
			};
			name = Release;
		};
		07604D7E1B594321003129FB /* Debug */ = {
			isa = XCBuildConfiguration;
			buildSettings = {
				ASSETCATALOG_COMPILER_APPICON_NAME = AppIcon;
				ASSETCATALOG_COMPILER_LAUNCHIMAGE_NAME = LaunchImage;
				CLANG_WARN_OBJC_IMPLICIT_RETAIN_SELF = NO;
				GCC_PRECOMPILE_PREFIX_HEADER = NO;
				GCC_PREFIX_HEADER = "";
				INFOPLIST_FILE = "ObjC-Weibo/Info.plist";
				IPHONEOS_DEPLOYMENT_TARGET = 7.0;
				LD_RUNPATH_SEARCH_PATHS = "$(inherited) @executable_path/Frameworks";
				PRODUCT_NAME = "$(TARGET_NAME)";
			};
			name = Debug;
		};
		07604D7F1B594321003129FB /* Release */ = {
			isa = XCBuildConfiguration;
			buildSettings = {
				ASSETCATALOG_COMPILER_APPICON_NAME = AppIcon;
				ASSETCATALOG_COMPILER_LAUNCHIMAGE_NAME = LaunchImage;
				CLANG_WARN_OBJC_IMPLICIT_RETAIN_SELF = NO;
				GCC_PRECOMPILE_PREFIX_HEADER = NO;
				GCC_PREFIX_HEADER = "";
				INFOPLIST_FILE = "ObjC-Weibo/Info.plist";
				IPHONEOS_DEPLOYMENT_TARGET = 7.0;
				LD_RUNPATH_SEARCH_PATHS = "$(inherited) @executable_path/Frameworks";
				PRODUCT_NAME = "$(TARGET_NAME)";
			};
			name = Release;
		};
		07604D811B594321003129FB /* Debug */ = {
			isa = XCBuildConfiguration;
			buildSettings = {
				BUNDLE_LOADER = "$(TEST_HOST)";
				FRAMEWORK_SEARCH_PATHS = (
					"$(SDKROOT)/Developer/Library/Frameworks",
					"$(inherited)",
				);
				GCC_PREPROCESSOR_DEFINITIONS = (
					"DEBUG=1",
					"$(inherited)",
				);
				INFOPLIST_FILE = "ObjC-WeiboTests/Info.plist";
				LD_RUNPATH_SEARCH_PATHS = "$(inherited) @executable_path/Frameworks @loader_path/Frameworks";
				PRODUCT_NAME = "$(TARGET_NAME)";
				TEST_HOST = "$(BUILT_PRODUCTS_DIR)/ObjC-Weibo.app/ObjC-Weibo";
			};
			name = Debug;
		};
		07604D821B594321003129FB /* Release */ = {
			isa = XCBuildConfiguration;
			buildSettings = {
				BUNDLE_LOADER = "$(TEST_HOST)";
				FRAMEWORK_SEARCH_PATHS = (
					"$(SDKROOT)/Developer/Library/Frameworks",
					"$(inherited)",
				);
				INFOPLIST_FILE = "ObjC-WeiboTests/Info.plist";
				LD_RUNPATH_SEARCH_PATHS = "$(inherited) @executable_path/Frameworks @loader_path/Frameworks";
				PRODUCT_NAME = "$(TARGET_NAME)";
				TEST_HOST = "$(BUILT_PRODUCTS_DIR)/ObjC-Weibo.app/ObjC-Weibo";
			};
			name = Release;
		};
/* End XCBuildConfiguration section */

/* Begin XCConfigurationList section */
		07604D551B594321003129FB /* Build configuration list for PBXProject "ObjC-Weibo" */ = {
			isa = XCConfigurationList;
			buildConfigurations = (
				07604D7B1B594321003129FB /* Debug */,
				07604D7C1B594321003129FB /* Release */,
			);
			defaultConfigurationIsVisible = 0;
			defaultConfigurationName = Release;
		};
		07604D7D1B594321003129FB /* Build configuration list for PBXNativeTarget "ObjC-Weibo" */ = {
			isa = XCConfigurationList;
			buildConfigurations = (
				07604D7E1B594321003129FB /* Debug */,
				07604D7F1B594321003129FB /* Release */,
			);
			defaultConfigurationIsVisible = 0;
			defaultConfigurationName = Release;
		};
		07604D801B594321003129FB /* Build configuration list for PBXNativeTarget "ObjC-WeiboTests" */ = {
			isa = XCConfigurationList;
			buildConfigurations = (
				07604D811B594321003129FB /* Debug */,
				07604D821B594321003129FB /* Release */,
			);
			defaultConfigurationIsVisible = 0;
			defaultConfigurationName = Release;
		};
/* End XCConfigurationList section */
	};
	rootObject = 07604D521B594321003129FB /* Project object */;
}
